// !$*UTF8*$!
{
	archiveVersion = 1;
	classes = {
	};
	objectVersion = 46;
	objects = {

/* Begin PBXBuildFile section */
		64591ABC18CD38C700BCF01A /* ofxUI2DGraph.cpp in Sources */ = {isa = PBXBuildFile; fileRef = 64591A2C18CD38C700BCF01A /* ofxUI2DGraph.cpp */; };
		64591ABD18CD38C700BCF01A /* ofxUI2DPad.cpp in Sources */ = {isa = PBXBuildFile; fileRef = 64591A2E18CD38C700BCF01A /* ofxUI2DPad.cpp */; };
		64591ABE18CD38C700BCF01A /* ofxUIBaseDraws.cpp in Sources */ = {isa = PBXBuildFile; fileRef = 64591A3018CD38C700BCF01A /* ofxUIBaseDraws.cpp */; };
		64591ABF18CD38C700BCF01A /* ofxUIBiLabelSlider.cpp in Sources */ = {isa = PBXBuildFile; fileRef = 64591A3218CD38C700BCF01A /* ofxUIBiLabelSlider.cpp */; };
		64591AC018CD38C700BCF01A /* ofxUIButton.cpp in Sources */ = {isa = PBXBuildFile; fileRef = 64591A3418CD38C700BCF01A /* ofxUIButton.cpp */; };
		64591AC118CD38C700BCF01A /* ofxUICanvas.cpp in Sources */ = {isa = PBXBuildFile; fileRef = 64591A3618CD38C700BCF01A /* ofxUICanvas.cpp */; };
		64591AC218CD38C700BCF01A /* ofxUICircleSlider.cpp in Sources */ = {isa = PBXBuildFile; fileRef = 64591A3818CD38C700BCF01A /* ofxUICircleSlider.cpp */; };
		64591AC318CD38C700BCF01A /* ofxUIDragableLabelButton.cpp in Sources */ = {isa = PBXBuildFile; fileRef = 64591A3B18CD38C700BCF01A /* ofxUIDragableLabelButton.cpp */; };
		64591AC418CD38C700BCF01A /* ofxUIDropDownList.cpp in Sources */ = {isa = PBXBuildFile; fileRef = 64591A3D18CD38C700BCF01A /* ofxUIDropDownList.cpp */; };
		64591AC518CD38C700BCF01A /* ofxUIEventArgs.cpp in Sources */ = {isa = PBXBuildFile; fileRef = 64591A3F18CD38C700BCF01A /* ofxUIEventArgs.cpp */; };
		64591AC618CD38C700BCF01A /* ofxUIFPS.cpp in Sources */ = {isa = PBXBuildFile; fileRef = 64591A4118CD38C700BCF01A /* ofxUIFPS.cpp */; };
		64591AC718CD38C700BCF01A /* ofxUIFPSSlider.cpp in Sources */ = {isa = PBXBuildFile; fileRef = 64591A4318CD38C700BCF01A /* ofxUIFPSSlider.cpp */; };
		64591AC818CD38C700BCF01A /* ofxUIImage.cpp in Sources */ = {isa = PBXBuildFile; fileRef = 64591A4518CD38C700BCF01A /* ofxUIImage.cpp */; };
		64591AC918CD38C700BCF01A /* ofxUIImageButton.cpp in Sources */ = {isa = PBXBuildFile; fileRef = 64591A4718CD38C700BCF01A /* ofxUIImageButton.cpp */; };
		64591ACA18CD38C700BCF01A /* ofxUIImageSampler.cpp in Sources */ = {isa = PBXBuildFile; fileRef = 64591A4918CD38C700BCF01A /* ofxUIImageSampler.cpp */; };
		64591ACB18CD38C700BCF01A /* ofxUIImageSlider.cpp in Sources */ = {isa = PBXBuildFile; fileRef = 64591A4B18CD38C700BCF01A /* ofxUIImageSlider.cpp */; };
		64591ACC18CD38C700BCF01A /* ofxUIImageToggle.cpp in Sources */ = {isa = PBXBuildFile; fileRef = 64591A4D18CD38C700BCF01A /* ofxUIImageToggle.cpp */; };
		64591ACD18CD38C700BCF01A /* ofxUILabel.cpp in Sources */ = {isa = PBXBuildFile; fileRef = 64591A4F18CD38C700BCF01A /* ofxUILabel.cpp */; };
		64591ACE18CD38C700BCF01A /* ofxUILabelButton.cpp in Sources */ = {isa = PBXBuildFile; fileRef = 64591A5118CD38C700BCF01A /* ofxUILabelButton.cpp */; };
		64591ACF18CD38C700BCF01A /* ofxUILabelToggle.cpp in Sources */ = {isa = PBXBuildFile; fileRef = 64591A5318CD38C700BCF01A /* ofxUILabelToggle.cpp */; };
		64591AD018CD38C700BCF01A /* ofxUIMinimalSlider.cpp in Sources */ = {isa = PBXBuildFile; fileRef = 64591A5518CD38C700BCF01A /* ofxUIMinimalSlider.cpp */; };
		64591AD118CD38C700BCF01A /* ofxUIMovingGraph.cpp in Sources */ = {isa = PBXBuildFile; fileRef = 64591A5718CD38C700BCF01A /* ofxUIMovingGraph.cpp */; };
		64591AD218CD38C700BCF01A /* ofxUIMultiImageButton.cpp in Sources */ = {isa = PBXBuildFile; fileRef = 64591A5918CD38C700BCF01A /* ofxUIMultiImageButton.cpp */; };
		64591AD318CD38C700BCF01A /* ofxUIMultiImageToggle.cpp in Sources */ = {isa = PBXBuildFile; fileRef = 64591A5B18CD38C700BCF01A /* ofxUIMultiImageToggle.cpp */; };
		64591AD418CD38C700BCF01A /* ofxUINumberDialer.cpp in Sources */ = {isa = PBXBuildFile; fileRef = 64591A5D18CD38C700BCF01A /* ofxUINumberDialer.cpp */; };
		64591AD518CD38C700BCF01A /* ofxUIRadio.cpp in Sources */ = {isa = PBXBuildFile; fileRef = 64591A6018CD38C700BCF01A /* ofxUIRadio.cpp */; };
		64591AD618CD38C700BCF01A /* ofxUIRangeSlider.cpp in Sources */ = {isa = PBXBuildFile; fileRef = 64591A6218CD38C700BCF01A /* ofxUIRangeSlider.cpp */; };
		64591AD718CD38C700BCF01A /* ofxUIRectangle.cpp in Sources */ = {isa = PBXBuildFile; fileRef = 64591A6418CD38C700BCF01A /* ofxUIRectangle.cpp */; };
		64591AD818CD38C700BCF01A /* ofxUIRotarySlider.cpp in Sources */ = {isa = PBXBuildFile; fileRef = 64591A6618CD38C700BCF01A /* ofxUIRotarySlider.cpp */; };
		64591AD918CD38C700BCF01A /* ofxUIScrollableCanvas.cpp in Sources */ = {isa = PBXBuildFile; fileRef = 64591A6818CD38C700BCF01A /* ofxUIScrollableCanvas.cpp */; };
		64591ADA18CD38C700BCF01A /* ofxUISlider.cpp in Sources */ = {isa = PBXBuildFile; fileRef = 64591A6A18CD38C700BCF01A /* ofxUISlider.cpp */; };
		64591ADB18CD38C700BCF01A /* ofxUISortableList.cpp in Sources */ = {isa = PBXBuildFile; fileRef = 64591A6C18CD38C700BCF01A /* ofxUISortableList.cpp */; };
		64591ADC18CD38C700BCF01A /* ofxUISpacer.cpp in Sources */ = {isa = PBXBuildFile; fileRef = 64591A6E18CD38C700BCF01A /* ofxUISpacer.cpp */; };
		64591ADD18CD38C700BCF01A /* ofxUISpectrum.cpp in Sources */ = {isa = PBXBuildFile; fileRef = 64591A7018CD38C700BCF01A /* ofxUISpectrum.cpp */; };
		64591ADE18CD38C700BCF01A /* ofxUISuperCanvas.cpp in Sources */ = {isa = PBXBuildFile; fileRef = 64591A7218CD38C700BCF01A /* ofxUISuperCanvas.cpp */; };
		64591ADF18CD38C700BCF01A /* ofxUITabBar.cpp in Sources */ = {isa = PBXBuildFile; fileRef = 64591A7418CD38C700BCF01A /* ofxUITabBar.cpp */; };
		64591AE018CD38C700BCF01A /* ofxUITextArea.cpp in Sources */ = {isa = PBXBuildFile; fileRef = 64591A7618CD38C700BCF01A /* ofxUITextArea.cpp */; };
		64591AE118CD38C700BCF01A /* ofxUITextInput.cpp in Sources */ = {isa = PBXBuildFile; fileRef = 64591A7818CD38C700BCF01A /* ofxUITextInput.cpp */; };
		64591AE218CD38C700BCF01A /* ofxUIToggle.cpp in Sources */ = {isa = PBXBuildFile; fileRef = 64591A7A18CD38C700BCF01A /* ofxUIToggle.cpp */; };
		64591AE318CD38C700BCF01A /* ofxUIToggleMatrix.cpp in Sources */ = {isa = PBXBuildFile; fileRef = 64591A7C18CD38C700BCF01A /* ofxUIToggleMatrix.cpp */; };
		64591AE418CD38C700BCF01A /* ofxUIValuePlotter.cpp in Sources */ = {isa = PBXBuildFile; fileRef = 64591A7F18CD38C700BCF01A /* ofxUIValuePlotter.cpp */; };
		64591AE518CD38C700BCF01A /* ofxUIWaveform.cpp in Sources */ = {isa = PBXBuildFile; fileRef = 64591A8118CD38C700BCF01A /* ofxUIWaveform.cpp */; };
		64591AE618CD38C700BCF01A /* ofxUIWidget.cpp in Sources */ = {isa = PBXBuildFile; fileRef = 64591A8318CD38C700BCF01A /* ofxUIWidget.cpp */; };
		64591AE718CD38C700BCF01A /* ofxUIWidgetWithLabel.cpp in Sources */ = {isa = PBXBuildFile; fileRef = 64591A8618CD38C700BCF01A /* ofxUIWidgetWithLabel.cpp */; };
		64591B2418CD3A4100BCF01A /* tinyxml.cpp in Sources */ = {isa = PBXBuildFile; fileRef = 64591B1D18CD3A4100BCF01A /* tinyxml.cpp */; };
		64591B2518CD3A4100BCF01A /* tinyxmlerror.cpp in Sources */ = {isa = PBXBuildFile; fileRef = 64591B1F18CD3A4100BCF01A /* tinyxmlerror.cpp */; };
		64591B2618CD3A4100BCF01A /* tinyxmlparser.cpp in Sources */ = {isa = PBXBuildFile; fileRef = 64591B2018CD3A4100BCF01A /* tinyxmlparser.cpp */; };
		64591B2718CD3A4100BCF01A /* ofxXmlSettings.cpp in Sources */ = {isa = PBXBuildFile; fileRef = 64591B2218CD3A4100BCF01A /* ofxXmlSettings.cpp */; };
		64591B2A18CD3C8A00BCF01A /* Eye.cpp in Sources */ = {isa = PBXBuildFile; fileRef = 64591B2818CD3C8A00BCF01A /* Eye.cpp */; };
		64DE9A8818CE231000561BFE /* tinyxml2.cpp in Sources */ = {isa = PBXBuildFile; fileRef = 64DE9A0F18CE231000561BFE /* tinyxml2.cpp */; };
		64DE9A8918CE231000561BFE /* libovr.a in Frameworks */ = {isa = PBXBuildFile; fileRef = 64DE9A1818CE231000561BFE /* libovr.a */; };
		64DE9A8A18CE231000561BFE /* libovr.a in Frameworks */ = {isa = PBXBuildFile; fileRef = 64DE9A1A18CE231000561BFE /* libovr.a */; };
		64DE9A8F18CE231100561BFE /* OVR_Alg.cpp in Sources */ = {isa = PBXBuildFile; fileRef = 64DE9A2318CE231000561BFE /* OVR_Alg.cpp */; };
		64DE9A9018CE231100561BFE /* OVR_Allocator.cpp in Sources */ = {isa = PBXBuildFile; fileRef = 64DE9A2518CE231000561BFE /* OVR_Allocator.cpp */; };
		64DE9A9118CE231100561BFE /* OVR_Atomic.cpp in Sources */ = {isa = PBXBuildFile; fileRef = 64DE9A2818CE231000561BFE /* OVR_Atomic.cpp */; };
		64DE9A9218CE231100561BFE /* OVR_File.cpp in Sources */ = {isa = PBXBuildFile; fileRef = 64DE9A2C18CE231000561BFE /* OVR_File.cpp */; };
		64DE9A9318CE231100561BFE /* OVR_FileFILE.cpp in Sources */ = {isa = PBXBuildFile; fileRef = 64DE9A2E18CE231000561BFE /* OVR_FileFILE.cpp */; };
		64DE9A9418CE231100561BFE /* OVR_Log.cpp in Sources */ = {isa = PBXBuildFile; fileRef = 64DE9A3218CE231000561BFE /* OVR_Log.cpp */; };
		64DE9A9518CE231100561BFE /* OVR_Math.cpp in Sources */ = {isa = PBXBuildFile; fileRef = 64DE9A3418CE231000561BFE /* OVR_Math.cpp */; };
		64DE9A9618CE231100561BFE /* OVR_RefCount.cpp in Sources */ = {isa = PBXBuildFile; fileRef = 64DE9A3618CE231000561BFE /* OVR_RefCount.cpp */; };
		64DE9A9718CE231100561BFE /* OVR_Std.cpp in Sources */ = {isa = PBXBuildFile; fileRef = 64DE9A3818CE231000561BFE /* OVR_Std.cpp */; };
		64DE9A9818CE231100561BFE /* OVR_String.cpp in Sources */ = {isa = PBXBuildFile; fileRef = 64DE9A3A18CE231000561BFE /* OVR_String.cpp */; };
		64DE9A9918CE231100561BFE /* OVR_String_FormatUtil.cpp in Sources */ = {isa = PBXBuildFile; fileRef = 64DE9A3C18CE231000561BFE /* OVR_String_FormatUtil.cpp */; };
		64DE9A9A18CE231100561BFE /* OVR_String_PathUtil.cpp in Sources */ = {isa = PBXBuildFile; fileRef = 64DE9A3D18CE231000561BFE /* OVR_String_PathUtil.cpp */; };
		64DE9A9B18CE231100561BFE /* OVR_SysFile.cpp in Sources */ = {isa = PBXBuildFile; fileRef = 64DE9A3F18CE231000561BFE /* OVR_SysFile.cpp */; };
		64DE9A9C18CE231100561BFE /* OVR_System.cpp in Sources */ = {isa = PBXBuildFile; fileRef = 64DE9A4118CE231000561BFE /* OVR_System.cpp */; };
		64DE9A9D18CE231100561BFE /* OVR_ThreadsPthread.cpp in Sources */ = {isa = PBXBuildFile; fileRef = 64DE9A4418CE231000561BFE /* OVR_ThreadsPthread.cpp */; };
		64DE9A9F18CE231100561BFE /* OVR_Timer.cpp in Sources */ = {isa = PBXBuildFile; fileRef = 64DE9A4618CE231000561BFE /* OVR_Timer.cpp */; };
		64DE9AA018CE231100561BFE /* OVR_UTF8Util.cpp in Sources */ = {isa = PBXBuildFile; fileRef = 64DE9A4918CE231000561BFE /* OVR_UTF8Util.cpp */; };
		64DE9AA118CE231100561BFE /* OVR_DeviceHandle.cpp in Sources */ = {isa = PBXBuildFile; fileRef = 64DE9A4D18CE231000561BFE /* OVR_DeviceHandle.cpp */; };
		64DE9AA218CE231100561BFE /* OVR_DeviceImpl.cpp in Sources */ = {isa = PBXBuildFile; fileRef = 64DE9A4F18CE231000561BFE /* OVR_DeviceImpl.cpp */; };
		64DE9AA318CE231100561BFE /* OVR_JSON.cpp in Sources */ = {isa = PBXBuildFile; fileRef = 64DE9A5518CE231000561BFE /* OVR_JSON.cpp */; };
		64DE9AA418CE231100561BFE /* OVR_LatencyTestImpl.cpp in Sources */ = {isa = PBXBuildFile; fileRef = 64DE9A5718CE231000561BFE /* OVR_LatencyTestImpl.cpp */; };
		64DE9AA918CE231100561BFE /* OVR_OSX_DeviceManager.cpp in Sources */ = {isa = PBXBuildFile; fileRef = 64DE9A6018CE231000561BFE /* OVR_OSX_DeviceManager.cpp */; };
		64DE9AAA18CE231100561BFE /* OVR_OSX_HIDDevice.cpp in Sources */ = {isa = PBXBuildFile; fileRef = 64DE9A6218CE231000561BFE /* OVR_OSX_HIDDevice.cpp */; };
		64DE9AAB18CE231100561BFE /* OVR_OSX_HMDDevice.cpp in Sources */ = {isa = PBXBuildFile; fileRef = 64DE9A6418CE231000561BFE /* OVR_OSX_HMDDevice.cpp */; };
		64DE9AAC18CE231100561BFE /* OVR_OSX_SensorDevice.cpp in Sources */ = {isa = PBXBuildFile; fileRef = 64DE9A6618CE231000561BFE /* OVR_OSX_SensorDevice.cpp */; };
		64DE9AAD18CE231100561BFE /* OVR_Profile.cpp in Sources */ = {isa = PBXBuildFile; fileRef = 64DE9A6718CE231000561BFE /* OVR_Profile.cpp */; };
		64DE9AAE18CE231100561BFE /* OVR_SensorFilter.cpp in Sources */ = {isa = PBXBuildFile; fileRef = 64DE9A6918CE231000561BFE /* OVR_SensorFilter.cpp */; };
		64DE9AAF18CE231100561BFE /* OVR_SensorFusion.cpp in Sources */ = {isa = PBXBuildFile; fileRef = 64DE9A6B18CE231000561BFE /* OVR_SensorFusion.cpp */; };
		64DE9AB018CE231100561BFE /* OVR_SensorImpl.cpp in Sources */ = {isa = PBXBuildFile; fileRef = 64DE9A6D18CE231000561BFE /* OVR_SensorImpl.cpp */; };
		64DE9AB118CE231100561BFE /* OVR_ThreadCommandQueue.cpp in Sources */ = {isa = PBXBuildFile; fileRef = 64DE9A6F18CE231000561BFE /* OVR_ThreadCommandQueue.cpp */; };
		64DE9AB718CE231100561BFE /* Util_LatencyTest.cpp in Sources */ = {isa = PBXBuildFile; fileRef = 64DE9A7C18CE231000561BFE /* Util_LatencyTest.cpp */; };
		64DE9AB818CE231100561BFE /* Util_Render_Stereo.cpp in Sources */ = {isa = PBXBuildFile; fileRef = 64DE9A7E18CE231000561BFE /* Util_Render_Stereo.cpp */; };
		64DE9AB918CE231100561BFE /* ofxOculusRift.cpp in Sources */ = {isa = PBXBuildFile; fileRef = 64DE9A8318CE231000561BFE /* ofxOculusRift.cpp */; };
		BBAB23CB13894F3D00AA2426 /* GLUT.framework in CopyFiles */ = {isa = PBXBuildFile; fileRef = BBAB23BE13894E4700AA2426 /* GLUT.framework */; };
		E4328149138ABC9F0047C5CB /* openFrameworksDebug.a in Frameworks */ = {isa = PBXBuildFile; fileRef = E4328148138ABC890047C5CB /* openFrameworksDebug.a */; };
		E45BE97B0E8CC7DD009D7055 /* AGL.framework in Frameworks */ = {isa = PBXBuildFile; fileRef = E45BE9710E8CC7DD009D7055 /* AGL.framework */; };
		E45BE97C0E8CC7DD009D7055 /* ApplicationServices.framework in Frameworks */ = {isa = PBXBuildFile; fileRef = E45BE9720E8CC7DD009D7055 /* ApplicationServices.framework */; };
		E45BE97D0E8CC7DD009D7055 /* AudioToolbox.framework in Frameworks */ = {isa = PBXBuildFile; fileRef = E45BE9730E8CC7DD009D7055 /* AudioToolbox.framework */; };
		E45BE97E0E8CC7DD009D7055 /* Carbon.framework in Frameworks */ = {isa = PBXBuildFile; fileRef = E45BE9740E8CC7DD009D7055 /* Carbon.framework */; };
		E45BE97F0E8CC7DD009D7055 /* CoreAudio.framework in Frameworks */ = {isa = PBXBuildFile; fileRef = E45BE9750E8CC7DD009D7055 /* CoreAudio.framework */; };
		E45BE9800E8CC7DD009D7055 /* CoreFoundation.framework in Frameworks */ = {isa = PBXBuildFile; fileRef = E45BE9760E8CC7DD009D7055 /* CoreFoundation.framework */; };
		E45BE9810E8CC7DD009D7055 /* CoreServices.framework in Frameworks */ = {isa = PBXBuildFile; fileRef = E45BE9770E8CC7DD009D7055 /* CoreServices.framework */; };
		E45BE9830E8CC7DD009D7055 /* OpenGL.framework in Frameworks */ = {isa = PBXBuildFile; fileRef = E45BE9790E8CC7DD009D7055 /* OpenGL.framework */; };
		E45BE9840E8CC7DD009D7055 /* QuickTime.framework in Frameworks */ = {isa = PBXBuildFile; fileRef = E45BE97A0E8CC7DD009D7055 /* QuickTime.framework */; };
		E4B69E200A3A1BDC003C02F2 /* main.cpp in Sources */ = {isa = PBXBuildFile; fileRef = E4B69E1D0A3A1BDC003C02F2 /* main.cpp */; };
		E4B69E210A3A1BDC003C02F2 /* testApp.cpp in Sources */ = {isa = PBXBuildFile; fileRef = E4B69E1E0A3A1BDC003C02F2 /* testApp.cpp */; };
		E4C2424710CC5A17004149E2 /* AppKit.framework in Frameworks */ = {isa = PBXBuildFile; fileRef = E4C2424410CC5A17004149E2 /* AppKit.framework */; };
		E4C2424810CC5A17004149E2 /* Cocoa.framework in Frameworks */ = {isa = PBXBuildFile; fileRef = E4C2424510CC5A17004149E2 /* Cocoa.framework */; };
		E4C2424910CC5A17004149E2 /* IOKit.framework in Frameworks */ = {isa = PBXBuildFile; fileRef = E4C2424610CC5A17004149E2 /* IOKit.framework */; };
		E4EB6799138ADC1D00A09F29 /* GLUT.framework in Frameworks */ = {isa = PBXBuildFile; fileRef = BBAB23BE13894E4700AA2426 /* GLUT.framework */; };
		E7E077E515D3B63C0020DFD4 /* CoreVideo.framework in Frameworks */ = {isa = PBXBuildFile; fileRef = E7E077E415D3B63C0020DFD4 /* CoreVideo.framework */; };
		E7E077E815D3B6510020DFD4 /* QTKit.framework in Frameworks */ = {isa = PBXBuildFile; fileRef = E7E077E715D3B6510020DFD4 /* QTKit.framework */; };
		E7F985F815E0DEA3003869B5 /* Accelerate.framework in Frameworks */ = {isa = PBXBuildFile; fileRef = E7F985F515E0DE99003869B5 /* Accelerate.framework */; };
/* End PBXBuildFile section */

/* Begin PBXContainerItemProxy section */
		E4328147138ABC890047C5CB /* PBXContainerItemProxy */ = {
			isa = PBXContainerItemProxy;
			containerPortal = E4328143138ABC890047C5CB /* openFrameworksLib.xcodeproj */;
			proxyType = 2;
			remoteGlobalIDString = E4B27C1510CBEB8E00536013;
			remoteInfo = openFrameworks;
		};
		E4EEB9AB138B136A00A80321 /* PBXContainerItemProxy */ = {
			isa = PBXContainerItemProxy;
			containerPortal = E4328143138ABC890047C5CB /* openFrameworksLib.xcodeproj */;
			proxyType = 1;
			remoteGlobalIDString = E4B27C1410CBEB8E00536013;
			remoteInfo = openFrameworks;
		};
/* End PBXContainerItemProxy section */

/* Begin PBXCopyFilesBuildPhase section */
		E4C2427710CC5ABF004149E2 /* CopyFiles */ = {
			isa = PBXCopyFilesBuildPhase;
			buildActionMask = 2147483647;
			dstPath = "";
			dstSubfolderSpec = 10;
			files = (
				BBAB23CB13894F3D00AA2426 /* GLUT.framework in CopyFiles */,
			);
			runOnlyForDeploymentPostprocessing = 0;
		};
/* End PBXCopyFilesBuildPhase section */

/* Begin PBXFileReference section */
		64591A2B18CD38C700BCF01A /* ofxUI.h */ = {isa = PBXFileReference; fileEncoding = 4; lastKnownFileType = sourcecode.c.h; path = ofxUI.h; sourceTree = "<group>"; };
		64591A2C18CD38C700BCF01A /* ofxUI2DGraph.cpp */ = {isa = PBXFileReference; fileEncoding = 4; lastKnownFileType = sourcecode.cpp.cpp; path = ofxUI2DGraph.cpp; sourceTree = "<group>"; };
		64591A2D18CD38C700BCF01A /* ofxUI2DGraph.h */ = {isa = PBXFileReference; fileEncoding = 4; lastKnownFileType = sourcecode.c.h; path = ofxUI2DGraph.h; sourceTree = "<group>"; };
		64591A2E18CD38C700BCF01A /* ofxUI2DPad.cpp */ = {isa = PBXFileReference; fileEncoding = 4; lastKnownFileType = sourcecode.cpp.cpp; path = ofxUI2DPad.cpp; sourceTree = "<group>"; };
		64591A2F18CD38C700BCF01A /* ofxUI2DPad.h */ = {isa = PBXFileReference; fileEncoding = 4; lastKnownFileType = sourcecode.c.h; path = ofxUI2DPad.h; sourceTree = "<group>"; };
		64591A3018CD38C700BCF01A /* ofxUIBaseDraws.cpp */ = {isa = PBXFileReference; fileEncoding = 4; lastKnownFileType = sourcecode.cpp.cpp; path = ofxUIBaseDraws.cpp; sourceTree = "<group>"; };
		64591A3118CD38C700BCF01A /* ofxUIBaseDraws.h */ = {isa = PBXFileReference; fileEncoding = 4; lastKnownFileType = sourcecode.c.h; path = ofxUIBaseDraws.h; sourceTree = "<group>"; };
		64591A3218CD38C700BCF01A /* ofxUIBiLabelSlider.cpp */ = {isa = PBXFileReference; fileEncoding = 4; lastKnownFileType = sourcecode.cpp.cpp; path = ofxUIBiLabelSlider.cpp; sourceTree = "<group>"; };
		64591A3318CD38C700BCF01A /* ofxUIBiLabelSlider.h */ = {isa = PBXFileReference; fileEncoding = 4; lastKnownFileType = sourcecode.c.h; path = ofxUIBiLabelSlider.h; sourceTree = "<group>"; };
		64591A3418CD38C700BCF01A /* ofxUIButton.cpp */ = {isa = PBXFileReference; fileEncoding = 4; lastKnownFileType = sourcecode.cpp.cpp; path = ofxUIButton.cpp; sourceTree = "<group>"; };
		64591A3518CD38C700BCF01A /* ofxUIButton.h */ = {isa = PBXFileReference; fileEncoding = 4; lastKnownFileType = sourcecode.c.h; path = ofxUIButton.h; sourceTree = "<group>"; };
		64591A3618CD38C700BCF01A /* ofxUICanvas.cpp */ = {isa = PBXFileReference; fileEncoding = 4; lastKnownFileType = sourcecode.cpp.cpp; path = ofxUICanvas.cpp; sourceTree = "<group>"; };
		64591A3718CD38C700BCF01A /* ofxUICanvas.h */ = {isa = PBXFileReference; fileEncoding = 4; lastKnownFileType = sourcecode.c.h; path = ofxUICanvas.h; sourceTree = "<group>"; };
		64591A3818CD38C700BCF01A /* ofxUICircleSlider.cpp */ = {isa = PBXFileReference; fileEncoding = 4; lastKnownFileType = sourcecode.cpp.cpp; path = ofxUICircleSlider.cpp; sourceTree = "<group>"; };
		64591A3918CD38C700BCF01A /* ofxUICircleSlider.h */ = {isa = PBXFileReference; fileEncoding = 4; lastKnownFileType = sourcecode.c.h; path = ofxUICircleSlider.h; sourceTree = "<group>"; };
		64591A3A18CD38C700BCF01A /* ofxUIDefines.h */ = {isa = PBXFileReference; fileEncoding = 4; lastKnownFileType = sourcecode.c.h; path = ofxUIDefines.h; sourceTree = "<group>"; };
		64591A3B18CD38C700BCF01A /* ofxUIDragableLabelButton.cpp */ = {isa = PBXFileReference; fileEncoding = 4; lastKnownFileType = sourcecode.cpp.cpp; path = ofxUIDragableLabelButton.cpp; sourceTree = "<group>"; };
		64591A3C18CD38C700BCF01A /* ofxUIDragableLabelButton.h */ = {isa = PBXFileReference; fileEncoding = 4; lastKnownFileType = sourcecode.c.h; path = ofxUIDragableLabelButton.h; sourceTree = "<group>"; };
		64591A3D18CD38C700BCF01A /* ofxUIDropDownList.cpp */ = {isa = PBXFileReference; fileEncoding = 4; lastKnownFileType = sourcecode.cpp.cpp; path = ofxUIDropDownList.cpp; sourceTree = "<group>"; };
		64591A3E18CD38C700BCF01A /* ofxUIDropDownList.h */ = {isa = PBXFileReference; fileEncoding = 4; lastKnownFileType = sourcecode.c.h; path = ofxUIDropDownList.h; sourceTree = "<group>"; };
		64591A3F18CD38C700BCF01A /* ofxUIEventArgs.cpp */ = {isa = PBXFileReference; fileEncoding = 4; lastKnownFileType = sourcecode.cpp.cpp; path = ofxUIEventArgs.cpp; sourceTree = "<group>"; };
		64591A4018CD38C700BCF01A /* ofxUIEventArgs.h */ = {isa = PBXFileReference; fileEncoding = 4; lastKnownFileType = sourcecode.c.h; path = ofxUIEventArgs.h; sourceTree = "<group>"; };
		64591A4118CD38C700BCF01A /* ofxUIFPS.cpp */ = {isa = PBXFileReference; fileEncoding = 4; lastKnownFileType = sourcecode.cpp.cpp; path = ofxUIFPS.cpp; sourceTree = "<group>"; };
		64591A4218CD38C700BCF01A /* ofxUIFPS.h */ = {isa = PBXFileReference; fileEncoding = 4; lastKnownFileType = sourcecode.c.h; path = ofxUIFPS.h; sourceTree = "<group>"; };
		64591A4318CD38C700BCF01A /* ofxUIFPSSlider.cpp */ = {isa = PBXFileReference; fileEncoding = 4; lastKnownFileType = sourcecode.cpp.cpp; path = ofxUIFPSSlider.cpp; sourceTree = "<group>"; };
		64591A4418CD38C700BCF01A /* ofxUIFPSSlider.h */ = {isa = PBXFileReference; fileEncoding = 4; lastKnownFileType = sourcecode.c.h; path = ofxUIFPSSlider.h; sourceTree = "<group>"; };
		64591A4518CD38C700BCF01A /* ofxUIImage.cpp */ = {isa = PBXFileReference; fileEncoding = 4; lastKnownFileType = sourcecode.cpp.cpp; path = ofxUIImage.cpp; sourceTree = "<group>"; };
		64591A4618CD38C700BCF01A /* ofxUIImage.h */ = {isa = PBXFileReference; fileEncoding = 4; lastKnownFileType = sourcecode.c.h; path = ofxUIImage.h; sourceTree = "<group>"; };
		64591A4718CD38C700BCF01A /* ofxUIImageButton.cpp */ = {isa = PBXFileReference; fileEncoding = 4; lastKnownFileType = sourcecode.cpp.cpp; path = ofxUIImageButton.cpp; sourceTree = "<group>"; };
		64591A4818CD38C700BCF01A /* ofxUIImageButton.h */ = {isa = PBXFileReference; fileEncoding = 4; lastKnownFileType = sourcecode.c.h; path = ofxUIImageButton.h; sourceTree = "<group>"; };
		64591A4918CD38C700BCF01A /* ofxUIImageSampler.cpp */ = {isa = PBXFileReference; fileEncoding = 4; lastKnownFileType = sourcecode.cpp.cpp; path = ofxUIImageSampler.cpp; sourceTree = "<group>"; };
		64591A4A18CD38C700BCF01A /* ofxUIImageSampler.h */ = {isa = PBXFileReference; fileEncoding = 4; lastKnownFileType = sourcecode.c.h; path = ofxUIImageSampler.h; sourceTree = "<group>"; };
		64591A4B18CD38C700BCF01A /* ofxUIImageSlider.cpp */ = {isa = PBXFileReference; fileEncoding = 4; lastKnownFileType = sourcecode.cpp.cpp; path = ofxUIImageSlider.cpp; sourceTree = "<group>"; };
		64591A4C18CD38C700BCF01A /* ofxUIImageSlider.h */ = {isa = PBXFileReference; fileEncoding = 4; lastKnownFileType = sourcecode.c.h; path = ofxUIImageSlider.h; sourceTree = "<group>"; };
		64591A4D18CD38C700BCF01A /* ofxUIImageToggle.cpp */ = {isa = PBXFileReference; fileEncoding = 4; lastKnownFileType = sourcecode.cpp.cpp; path = ofxUIImageToggle.cpp; sourceTree = "<group>"; };
		64591A4E18CD38C700BCF01A /* ofxUIImageToggle.h */ = {isa = PBXFileReference; fileEncoding = 4; lastKnownFileType = sourcecode.c.h; path = ofxUIImageToggle.h; sourceTree = "<group>"; };
		64591A4F18CD38C700BCF01A /* ofxUILabel.cpp */ = {isa = PBXFileReference; fileEncoding = 4; lastKnownFileType = sourcecode.cpp.cpp; path = ofxUILabel.cpp; sourceTree = "<group>"; };
		64591A5018CD38C700BCF01A /* ofxUILabel.h */ = {isa = PBXFileReference; fileEncoding = 4; lastKnownFileType = sourcecode.c.h; path = ofxUILabel.h; sourceTree = "<group>"; };
		64591A5118CD38C700BCF01A /* ofxUILabelButton.cpp */ = {isa = PBXFileReference; fileEncoding = 4; lastKnownFileType = sourcecode.cpp.cpp; path = ofxUILabelButton.cpp; sourceTree = "<group>"; };
		64591A5218CD38C700BCF01A /* ofxUILabelButton.h */ = {isa = PBXFileReference; fileEncoding = 4; lastKnownFileType = sourcecode.c.h; path = ofxUILabelButton.h; sourceTree = "<group>"; };
		64591A5318CD38C700BCF01A /* ofxUILabelToggle.cpp */ = {isa = PBXFileReference; fileEncoding = 4; lastKnownFileType = sourcecode.cpp.cpp; path = ofxUILabelToggle.cpp; sourceTree = "<group>"; };
		64591A5418CD38C700BCF01A /* ofxUILabelToggle.h */ = {isa = PBXFileReference; fileEncoding = 4; lastKnownFileType = sourcecode.c.h; path = ofxUILabelToggle.h; sourceTree = "<group>"; };
		64591A5518CD38C700BCF01A /* ofxUIMinimalSlider.cpp */ = {isa = PBXFileReference; fileEncoding = 4; lastKnownFileType = sourcecode.cpp.cpp; path = ofxUIMinimalSlider.cpp; sourceTree = "<group>"; };
		64591A5618CD38C700BCF01A /* ofxUIMinimalSlider.h */ = {isa = PBXFileReference; fileEncoding = 4; lastKnownFileType = sourcecode.c.h; path = ofxUIMinimalSlider.h; sourceTree = "<group>"; };
		64591A5718CD38C700BCF01A /* ofxUIMovingGraph.cpp */ = {isa = PBXFileReference; fileEncoding = 4; lastKnownFileType = sourcecode.cpp.cpp; path = ofxUIMovingGraph.cpp; sourceTree = "<group>"; };
		64591A5818CD38C700BCF01A /* ofxUIMovingGraph.h */ = {isa = PBXFileReference; fileEncoding = 4; lastKnownFileType = sourcecode.c.h; path = ofxUIMovingGraph.h; sourceTree = "<group>"; };
		64591A5918CD38C700BCF01A /* ofxUIMultiImageButton.cpp */ = {isa = PBXFileReference; fileEncoding = 4; lastKnownFileType = sourcecode.cpp.cpp; path = ofxUIMultiImageButton.cpp; sourceTree = "<group>"; };
		64591A5A18CD38C700BCF01A /* ofxUIMultiImageButton.h */ = {isa = PBXFileReference; fileEncoding = 4; lastKnownFileType = sourcecode.c.h; path = ofxUIMultiImageButton.h; sourceTree = "<group>"; };
		64591A5B18CD38C700BCF01A /* ofxUIMultiImageToggle.cpp */ = {isa = PBXFileReference; fileEncoding = 4; lastKnownFileType = sourcecode.cpp.cpp; path = ofxUIMultiImageToggle.cpp; sourceTree = "<group>"; };
		64591A5C18CD38C700BCF01A /* ofxUIMultiImageToggle.h */ = {isa = PBXFileReference; fileEncoding = 4; lastKnownFileType = sourcecode.c.h; path = ofxUIMultiImageToggle.h; sourceTree = "<group>"; };
		64591A5D18CD38C700BCF01A /* ofxUINumberDialer.cpp */ = {isa = PBXFileReference; fileEncoding = 4; lastKnownFileType = sourcecode.cpp.cpp; path = ofxUINumberDialer.cpp; sourceTree = "<group>"; };
		64591A5E18CD38C700BCF01A /* ofxUINumberDialer.h */ = {isa = PBXFileReference; fileEncoding = 4; lastKnownFileType = sourcecode.c.h; path = ofxUINumberDialer.h; sourceTree = "<group>"; };
		64591A5F18CD38C700BCF01A /* ofxUIOFWrapper.h */ = {isa = PBXFileReference; fileEncoding = 4; lastKnownFileType = sourcecode.c.h; path = ofxUIOFWrapper.h; sourceTree = "<group>"; };
		64591A6018CD38C700BCF01A /* ofxUIRadio.cpp */ = {isa = PBXFileReference; fileEncoding = 4; lastKnownFileType = sourcecode.cpp.cpp; path = ofxUIRadio.cpp; sourceTree = "<group>"; };
		64591A6118CD38C700BCF01A /* ofxUIRadio.h */ = {isa = PBXFileReference; fileEncoding = 4; lastKnownFileType = sourcecode.c.h; path = ofxUIRadio.h; sourceTree = "<group>"; };
		64591A6218CD38C700BCF01A /* ofxUIRangeSlider.cpp */ = {isa = PBXFileReference; fileEncoding = 4; lastKnownFileType = sourcecode.cpp.cpp; path = ofxUIRangeSlider.cpp; sourceTree = "<group>"; };
		64591A6318CD38C700BCF01A /* ofxUIRangeSlider.h */ = {isa = PBXFileReference; fileEncoding = 4; lastKnownFileType = sourcecode.c.h; path = ofxUIRangeSlider.h; sourceTree = "<group>"; };
		64591A6418CD38C700BCF01A /* ofxUIRectangle.cpp */ = {isa = PBXFileReference; fileEncoding = 4; lastKnownFileType = sourcecode.cpp.cpp; path = ofxUIRectangle.cpp; sourceTree = "<group>"; };
		64591A6518CD38C700BCF01A /* ofxUIRectangle.h */ = {isa = PBXFileReference; fileEncoding = 4; lastKnownFileType = sourcecode.c.h; path = ofxUIRectangle.h; sourceTree = "<group>"; };
		64591A6618CD38C700BCF01A /* ofxUIRotarySlider.cpp */ = {isa = PBXFileReference; fileEncoding = 4; lastKnownFileType = sourcecode.cpp.cpp; path = ofxUIRotarySlider.cpp; sourceTree = "<group>"; };
		64591A6718CD38C700BCF01A /* ofxUIRotarySlider.h */ = {isa = PBXFileReference; fileEncoding = 4; lastKnownFileType = sourcecode.c.h; path = ofxUIRotarySlider.h; sourceTree = "<group>"; };
		64591A6818CD38C700BCF01A /* ofxUIScrollableCanvas.cpp */ = {isa = PBXFileReference; fileEncoding = 4; lastKnownFileType = sourcecode.cpp.cpp; path = ofxUIScrollableCanvas.cpp; sourceTree = "<group>"; };
		64591A6918CD38C700BCF01A /* ofxUIScrollableCanvas.h */ = {isa = PBXFileReference; fileEncoding = 4; lastKnownFileType = sourcecode.c.h; path = ofxUIScrollableCanvas.h; sourceTree = "<group>"; };
		64591A6A18CD38C700BCF01A /* ofxUISlider.cpp */ = {isa = PBXFileReference; fileEncoding = 4; lastKnownFileType = sourcecode.cpp.cpp; path = ofxUISlider.cpp; sourceTree = "<group>"; };
		64591A6B18CD38C700BCF01A /* ofxUISlider.h */ = {isa = PBXFileReference; fileEncoding = 4; lastKnownFileType = sourcecode.c.h; path = ofxUISlider.h; sourceTree = "<group>"; };
		64591A6C18CD38C700BCF01A /* ofxUISortableList.cpp */ = {isa = PBXFileReference; fileEncoding = 4; lastKnownFileType = sourcecode.cpp.cpp; path = ofxUISortableList.cpp; sourceTree = "<group>"; };
		64591A6D18CD38C700BCF01A /* ofxUISortableList.h */ = {isa = PBXFileReference; fileEncoding = 4; lastKnownFileType = sourcecode.c.h; path = ofxUISortableList.h; sourceTree = "<group>"; };
		64591A6E18CD38C700BCF01A /* ofxUISpacer.cpp */ = {isa = PBXFileReference; fileEncoding = 4; lastKnownFileType = sourcecode.cpp.cpp; path = ofxUISpacer.cpp; sourceTree = "<group>"; };
		64591A6F18CD38C700BCF01A /* ofxUISpacer.h */ = {isa = PBXFileReference; fileEncoding = 4; lastKnownFileType = sourcecode.c.h; path = ofxUISpacer.h; sourceTree = "<group>"; };
		64591A7018CD38C700BCF01A /* ofxUISpectrum.cpp */ = {isa = PBXFileReference; fileEncoding = 4; lastKnownFileType = sourcecode.cpp.cpp; path = ofxUISpectrum.cpp; sourceTree = "<group>"; };
		64591A7118CD38C700BCF01A /* ofxUISpectrum.h */ = {isa = PBXFileReference; fileEncoding = 4; lastKnownFileType = sourcecode.c.h; path = ofxUISpectrum.h; sourceTree = "<group>"; };
		64591A7218CD38C700BCF01A /* ofxUISuperCanvas.cpp */ = {isa = PBXFileReference; fileEncoding = 4; lastKnownFileType = sourcecode.cpp.cpp; path = ofxUISuperCanvas.cpp; sourceTree = "<group>"; };
		64591A7318CD38C700BCF01A /* ofxUISuperCanvas.h */ = {isa = PBXFileReference; fileEncoding = 4; lastKnownFileType = sourcecode.c.h; path = ofxUISuperCanvas.h; sourceTree = "<group>"; };
		64591A7418CD38C700BCF01A /* ofxUITabBar.cpp */ = {isa = PBXFileReference; fileEncoding = 4; lastKnownFileType = sourcecode.cpp.cpp; path = ofxUITabBar.cpp; sourceTree = "<group>"; };
		64591A7518CD38C700BCF01A /* ofxUITabBar.h */ = {isa = PBXFileReference; fileEncoding = 4; lastKnownFileType = sourcecode.c.h; path = ofxUITabBar.h; sourceTree = "<group>"; };
		64591A7618CD38C700BCF01A /* ofxUITextArea.cpp */ = {isa = PBXFileReference; fileEncoding = 4; lastKnownFileType = sourcecode.cpp.cpp; path = ofxUITextArea.cpp; sourceTree = "<group>"; };
		64591A7718CD38C700BCF01A /* ofxUITextArea.h */ = {isa = PBXFileReference; fileEncoding = 4; lastKnownFileType = sourcecode.c.h; path = ofxUITextArea.h; sourceTree = "<group>"; };
		64591A7818CD38C700BCF01A /* ofxUITextInput.cpp */ = {isa = PBXFileReference; fileEncoding = 4; lastKnownFileType = sourcecode.cpp.cpp; path = ofxUITextInput.cpp; sourceTree = "<group>"; };
		64591A7918CD38C700BCF01A /* ofxUITextInput.h */ = {isa = PBXFileReference; fileEncoding = 4; lastKnownFileType = sourcecode.c.h; path = ofxUITextInput.h; sourceTree = "<group>"; };
		64591A7A18CD38C700BCF01A /* ofxUIToggle.cpp */ = {isa = PBXFileReference; fileEncoding = 4; lastKnownFileType = sourcecode.cpp.cpp; path = ofxUIToggle.cpp; sourceTree = "<group>"; };
		64591A7B18CD38C700BCF01A /* ofxUIToggle.h */ = {isa = PBXFileReference; fileEncoding = 4; lastKnownFileType = sourcecode.c.h; path = ofxUIToggle.h; sourceTree = "<group>"; };
		64591A7C18CD38C700BCF01A /* ofxUIToggleMatrix.cpp */ = {isa = PBXFileReference; fileEncoding = 4; lastKnownFileType = sourcecode.cpp.cpp; path = ofxUIToggleMatrix.cpp; sourceTree = "<group>"; };
		64591A7D18CD38C700BCF01A /* ofxUIToggleMatrix.h */ = {isa = PBXFileReference; fileEncoding = 4; lastKnownFileType = sourcecode.c.h; path = ofxUIToggleMatrix.h; sourceTree = "<group>"; };
		64591A7E18CD38C700BCF01A /* ofxUIUtils.h */ = {isa = PBXFileReference; fileEncoding = 4; lastKnownFileType = sourcecode.c.h; path = ofxUIUtils.h; sourceTree = "<group>"; };
		64591A7F18CD38C700BCF01A /* ofxUIValuePlotter.cpp */ = {isa = PBXFileReference; fileEncoding = 4; lastKnownFileType = sourcecode.cpp.cpp; path = ofxUIValuePlotter.cpp; sourceTree = "<group>"; };
		64591A8018CD38C700BCF01A /* ofxUIValuePlotter.h */ = {isa = PBXFileReference; fileEncoding = 4; lastKnownFileType = sourcecode.c.h; path = ofxUIValuePlotter.h; sourceTree = "<group>"; };
		64591A8118CD38C700BCF01A /* ofxUIWaveform.cpp */ = {isa = PBXFileReference; fileEncoding = 4; lastKnownFileType = sourcecode.cpp.cpp; path = ofxUIWaveform.cpp; sourceTree = "<group>"; };
		64591A8218CD38C700BCF01A /* ofxUIWaveform.h */ = {isa = PBXFileReference; fileEncoding = 4; lastKnownFileType = sourcecode.c.h; path = ofxUIWaveform.h; sourceTree = "<group>"; };
		64591A8318CD38C700BCF01A /* ofxUIWidget.cpp */ = {isa = PBXFileReference; fileEncoding = 4; lastKnownFileType = sourcecode.cpp.cpp; path = ofxUIWidget.cpp; sourceTree = "<group>"; };
		64591A8418CD38C700BCF01A /* ofxUIWidget.h */ = {isa = PBXFileReference; fileEncoding = 4; lastKnownFileType = sourcecode.c.h; path = ofxUIWidget.h; sourceTree = "<group>"; };
		64591A8518CD38C700BCF01A /* ofxUIWidgets.h */ = {isa = PBXFileReference; fileEncoding = 4; lastKnownFileType = sourcecode.c.h; path = ofxUIWidgets.h; sourceTree = "<group>"; };
		64591A8618CD38C700BCF01A /* ofxUIWidgetWithLabel.cpp */ = {isa = PBXFileReference; fileEncoding = 4; lastKnownFileType = sourcecode.cpp.cpp; path = ofxUIWidgetWithLabel.cpp; sourceTree = "<group>"; };
		64591A8718CD38C700BCF01A /* ofxUIWidgetWithLabel.h */ = {isa = PBXFileReference; fileEncoding = 4; lastKnownFileType = sourcecode.c.h; path = ofxUIWidgetWithLabel.h; sourceTree = "<group>"; };
		64591A8818CD38C700BCF01A /* ofxUIWrapper.h */ = {isa = PBXFileReference; fileEncoding = 4; lastKnownFileType = sourcecode.c.h; path = ofxUIWrapper.h; sourceTree = "<group>"; };
		64591B1D18CD3A4100BCF01A /* tinyxml.cpp */ = {isa = PBXFileReference; fileEncoding = 4; lastKnownFileType = sourcecode.cpp.cpp; path = tinyxml.cpp; sourceTree = "<group>"; };
		64591B1E18CD3A4100BCF01A /* tinyxml.h */ = {isa = PBXFileReference; fileEncoding = 4; lastKnownFileType = sourcecode.c.h; path = tinyxml.h; sourceTree = "<group>"; };
		64591B1F18CD3A4100BCF01A /* tinyxmlerror.cpp */ = {isa = PBXFileReference; fileEncoding = 4; lastKnownFileType = sourcecode.cpp.cpp; path = tinyxmlerror.cpp; sourceTree = "<group>"; };
		64591B2018CD3A4100BCF01A /* tinyxmlparser.cpp */ = {isa = PBXFileReference; fileEncoding = 4; lastKnownFileType = sourcecode.cpp.cpp; path = tinyxmlparser.cpp; sourceTree = "<group>"; };
		64591B2218CD3A4100BCF01A /* ofxXmlSettings.cpp */ = {isa = PBXFileReference; fileEncoding = 4; lastKnownFileType = sourcecode.cpp.cpp; path = ofxXmlSettings.cpp; sourceTree = "<group>"; };
		64591B2318CD3A4100BCF01A /* ofxXmlSettings.h */ = {isa = PBXFileReference; fileEncoding = 4; lastKnownFileType = sourcecode.c.h; path = ofxXmlSettings.h; sourceTree = "<group>"; };
		64591B2818CD3C8A00BCF01A /* Eye.cpp */ = {isa = PBXFileReference; fileEncoding = 4; lastKnownFileType = sourcecode.cpp.cpp; path = Eye.cpp; sourceTree = "<group>"; };
		64591B2918CD3C8A00BCF01A /* Eye.h */ = {isa = PBXFileReference; fileEncoding = 4; lastKnownFileType = sourcecode.c.h; path = Eye.h; sourceTree = "<group>"; };
		64DE9A0F18CE231000561BFE /* tinyxml2.cpp */ = {isa = PBXFileReference; fileEncoding = 4; lastKnownFileType = sourcecode.cpp.cpp; path = tinyxml2.cpp; sourceTree = "<group>"; };
		64DE9A1018CE231000561BFE /* tinyxml2.h */ = {isa = PBXFileReference; fileEncoding = 4; lastKnownFileType = sourcecode.c.h; path = tinyxml2.h; sourceTree = "<group>"; };
		64DE9A1318CE231000561BFE /* OVR.h */ = {isa = PBXFileReference; fileEncoding = 4; lastKnownFileType = sourcecode.c.h; path = OVR.h; sourceTree = "<group>"; };
		64DE9A1418CE231000561BFE /* OVRVersion.h */ = {isa = PBXFileReference; fileEncoding = 4; lastKnownFileType = sourcecode.c.h; path = OVRVersion.h; sourceTree = "<group>"; };
		64DE9A1818CE231000561BFE /* libovr.a */ = {isa = PBXFileReference; lastKnownFileType = archive.ar; path = libovr.a; sourceTree = "<group>"; };
		64DE9A1A18CE231000561BFE /* libovr.a */ = {isa = PBXFileReference; lastKnownFileType = archive.ar; path = libovr.a; sourceTree = "<group>"; };
		64DE9A2318CE231000561BFE /* OVR_Alg.cpp */ = {isa = PBXFileReference; fileEncoding = 4; lastKnownFileType = sourcecode.cpp.cpp; path = OVR_Alg.cpp; sourceTree = "<group>"; };
		64DE9A2418CE231000561BFE /* OVR_Alg.h */ = {isa = PBXFileReference; fileEncoding = 4; lastKnownFileType = sourcecode.c.h; path = OVR_Alg.h; sourceTree = "<group>"; };
		64DE9A2518CE231000561BFE /* OVR_Allocator.cpp */ = {isa = PBXFileReference; fileEncoding = 4; lastKnownFileType = sourcecode.cpp.cpp; path = OVR_Allocator.cpp; sourceTree = "<group>"; };
		64DE9A2618CE231000561BFE /* OVR_Allocator.h */ = {isa = PBXFileReference; fileEncoding = 4; lastKnownFileType = sourcecode.c.h; path = OVR_Allocator.h; sourceTree = "<group>"; };
		64DE9A2718CE231000561BFE /* OVR_Array.h */ = {isa = PBXFileReference; fileEncoding = 4; lastKnownFileType = sourcecode.c.h; path = OVR_Array.h; sourceTree = "<group>"; };
		64DE9A2818CE231000561BFE /* OVR_Atomic.cpp */ = {isa = PBXFileReference; fileEncoding = 4; lastKnownFileType = sourcecode.cpp.cpp; path = OVR_Atomic.cpp; sourceTree = "<group>"; };
		64DE9A2918CE231000561BFE /* OVR_Atomic.h */ = {isa = PBXFileReference; fileEncoding = 4; lastKnownFileType = sourcecode.c.h; path = OVR_Atomic.h; sourceTree = "<group>"; };
		64DE9A2A18CE231000561BFE /* OVR_Color.h */ = {isa = PBXFileReference; fileEncoding = 4; lastKnownFileType = sourcecode.c.h; path = OVR_Color.h; sourceTree = "<group>"; };
		64DE9A2B18CE231000561BFE /* OVR_ContainerAllocator.h */ = {isa = PBXFileReference; fileEncoding = 4; lastKnownFileType = sourcecode.c.h; path = OVR_ContainerAllocator.h; sourceTree = "<group>"; };
		64DE9A2C18CE231000561BFE /* OVR_File.cpp */ = {isa = PBXFileReference; fileEncoding = 4; lastKnownFileType = sourcecode.cpp.cpp; path = OVR_File.cpp; sourceTree = "<group>"; };
		64DE9A2D18CE231000561BFE /* OVR_File.h */ = {isa = PBXFileReference; fileEncoding = 4; lastKnownFileType = sourcecode.c.h; path = OVR_File.h; sourceTree = "<group>"; };
		64DE9A2E18CE231000561BFE /* OVR_FileFILE.cpp */ = {isa = PBXFileReference; fileEncoding = 4; lastKnownFileType = sourcecode.cpp.cpp; path = OVR_FileFILE.cpp; sourceTree = "<group>"; };
		64DE9A2F18CE231000561BFE /* OVR_Hash.h */ = {isa = PBXFileReference; fileEncoding = 4; lastKnownFileType = sourcecode.c.h; path = OVR_Hash.h; sourceTree = "<group>"; };
		64DE9A3018CE231000561BFE /* OVR_KeyCodes.h */ = {isa = PBXFileReference; fileEncoding = 4; lastKnownFileType = sourcecode.c.h; path = OVR_KeyCodes.h; sourceTree = "<group>"; };
		64DE9A3118CE231000561BFE /* OVR_List.h */ = {isa = PBXFileReference; fileEncoding = 4; lastKnownFileType = sourcecode.c.h; path = OVR_List.h; sourceTree = "<group>"; };
		64DE9A3218CE231000561BFE /* OVR_Log.cpp */ = {isa = PBXFileReference; fileEncoding = 4; lastKnownFileType = sourcecode.cpp.cpp; path = OVR_Log.cpp; sourceTree = "<group>"; };
		64DE9A3318CE231000561BFE /* OVR_Log.h */ = {isa = PBXFileReference; fileEncoding = 4; lastKnownFileType = sourcecode.c.h; path = OVR_Log.h; sourceTree = "<group>"; };
		64DE9A3418CE231000561BFE /* OVR_Math.cpp */ = {isa = PBXFileReference; fileEncoding = 4; lastKnownFileType = sourcecode.cpp.cpp; path = OVR_Math.cpp; sourceTree = "<group>"; };
		64DE9A3518CE231000561BFE /* OVR_Math.h */ = {isa = PBXFileReference; fileEncoding = 4; lastKnownFileType = sourcecode.c.h; path = OVR_Math.h; sourceTree = "<group>"; };
		64DE9A3618CE231000561BFE /* OVR_RefCount.cpp */ = {isa = PBXFileReference; fileEncoding = 4; lastKnownFileType = sourcecode.cpp.cpp; path = OVR_RefCount.cpp; sourceTree = "<group>"; };
		64DE9A3718CE231000561BFE /* OVR_RefCount.h */ = {isa = PBXFileReference; fileEncoding = 4; lastKnownFileType = sourcecode.c.h; path = OVR_RefCount.h; sourceTree = "<group>"; };
		64DE9A3818CE231000561BFE /* OVR_Std.cpp */ = {isa = PBXFileReference; fileEncoding = 4; lastKnownFileType = sourcecode.cpp.cpp; path = OVR_Std.cpp; sourceTree = "<group>"; };
		64DE9A3918CE231000561BFE /* OVR_Std.h */ = {isa = PBXFileReference; fileEncoding = 4; lastKnownFileType = sourcecode.c.h; path = OVR_Std.h; sourceTree = "<group>"; };
		64DE9A3A18CE231000561BFE /* OVR_String.cpp */ = {isa = PBXFileReference; fileEncoding = 4; lastKnownFileType = sourcecode.cpp.cpp; path = OVR_String.cpp; sourceTree = "<group>"; };
		64DE9A3B18CE231000561BFE /* OVR_String.h */ = {isa = PBXFileReference; fileEncoding = 4; lastKnownFileType = sourcecode.c.h; path = OVR_String.h; sourceTree = "<group>"; };
		64DE9A3C18CE231000561BFE /* OVR_String_FormatUtil.cpp */ = {isa = PBXFileReference; fileEncoding = 4; lastKnownFileType = sourcecode.cpp.cpp; path = OVR_String_FormatUtil.cpp; sourceTree = "<group>"; };
		64DE9A3D18CE231000561BFE /* OVR_String_PathUtil.cpp */ = {isa = PBXFileReference; fileEncoding = 4; lastKnownFileType = sourcecode.cpp.cpp; path = OVR_String_PathUtil.cpp; sourceTree = "<group>"; };
		64DE9A3E18CE231000561BFE /* OVR_StringHash.h */ = {isa = PBXFileReference; fileEncoding = 4; lastKnownFileType = sourcecode.c.h; path = OVR_StringHash.h; sourceTree = "<group>"; };
		64DE9A3F18CE231000561BFE /* OVR_SysFile.cpp */ = {isa = PBXFileReference; fileEncoding = 4; lastKnownFileType = sourcecode.cpp.cpp; path = OVR_SysFile.cpp; sourceTree = "<group>"; };
		64DE9A4018CE231000561BFE /* OVR_SysFile.h */ = {isa = PBXFileReference; fileEncoding = 4; lastKnownFileType = sourcecode.c.h; path = OVR_SysFile.h; sourceTree = "<group>"; };
		64DE9A4118CE231000561BFE /* OVR_System.cpp */ = {isa = PBXFileReference; fileEncoding = 4; lastKnownFileType = sourcecode.cpp.cpp; path = OVR_System.cpp; sourceTree = "<group>"; };
		64DE9A4218CE231000561BFE /* OVR_System.h */ = {isa = PBXFileReference; fileEncoding = 4; lastKnownFileType = sourcecode.c.h; path = OVR_System.h; sourceTree = "<group>"; };
		64DE9A4318CE231000561BFE /* OVR_Threads.h */ = {isa = PBXFileReference; fileEncoding = 4; lastKnownFileType = sourcecode.c.h; path = OVR_Threads.h; sourceTree = "<group>"; };
		64DE9A4418CE231000561BFE /* OVR_ThreadsPthread.cpp */ = {isa = PBXFileReference; fileEncoding = 4; lastKnownFileType = sourcecode.cpp.cpp; path = OVR_ThreadsPthread.cpp; sourceTree = "<group>"; };
		64DE9A4618CE231000561BFE /* OVR_Timer.cpp */ = {isa = PBXFileReference; fileEncoding = 4; lastKnownFileType = sourcecode.cpp.cpp; path = OVR_Timer.cpp; sourceTree = "<group>"; };
		64DE9A4718CE231000561BFE /* OVR_Timer.h */ = {isa = PBXFileReference; fileEncoding = 4; lastKnownFileType = sourcecode.c.h; path = OVR_Timer.h; sourceTree = "<group>"; };
		64DE9A4818CE231000561BFE /* OVR_Types.h */ = {isa = PBXFileReference; fileEncoding = 4; lastKnownFileType = sourcecode.c.h; path = OVR_Types.h; sourceTree = "<group>"; };
		64DE9A4918CE231000561BFE /* OVR_UTF8Util.cpp */ = {isa = PBXFileReference; fileEncoding = 4; lastKnownFileType = sourcecode.cpp.cpp; path = OVR_UTF8Util.cpp; sourceTree = "<group>"; };
		64DE9A4A18CE231000561BFE /* OVR_UTF8Util.h */ = {isa = PBXFileReference; fileEncoding = 4; lastKnownFileType = sourcecode.c.h; path = OVR_UTF8Util.h; sourceTree = "<group>"; };
		64DE9A4B18CE231000561BFE /* OVR_Device.h */ = {isa = PBXFileReference; fileEncoding = 4; lastKnownFileType = sourcecode.c.h; path = OVR_Device.h; sourceTree = "<group>"; };
		64DE9A4C18CE231000561BFE /* OVR_DeviceConstants.h */ = {isa = PBXFileReference; fileEncoding = 4; lastKnownFileType = sourcecode.c.h; path = OVR_DeviceConstants.h; sourceTree = "<group>"; };
		64DE9A4D18CE231000561BFE /* OVR_DeviceHandle.cpp */ = {isa = PBXFileReference; fileEncoding = 4; lastKnownFileType = sourcecode.cpp.cpp; path = OVR_DeviceHandle.cpp; sourceTree = "<group>"; };
		64DE9A4E18CE231000561BFE /* OVR_DeviceHandle.h */ = {isa = PBXFileReference; fileEncoding = 4; lastKnownFileType = sourcecode.c.h; path = OVR_DeviceHandle.h; sourceTree = "<group>"; };
		64DE9A4F18CE231000561BFE /* OVR_DeviceImpl.cpp */ = {isa = PBXFileReference; fileEncoding = 4; lastKnownFileType = sourcecode.cpp.cpp; path = OVR_DeviceImpl.cpp; sourceTree = "<group>"; };
		64DE9A5018CE231000561BFE /* OVR_DeviceImpl.h */ = {isa = PBXFileReference; fileEncoding = 4; lastKnownFileType = sourcecode.c.h; path = OVR_DeviceImpl.h; sourceTree = "<group>"; };
		64DE9A5118CE231000561BFE /* OVR_DeviceMessages.h */ = {isa = PBXFileReference; fileEncoding = 4; lastKnownFileType = sourcecode.c.h; path = OVR_DeviceMessages.h; sourceTree = "<group>"; };
		64DE9A5218CE231000561BFE /* OVR_HIDDevice.h */ = {isa = PBXFileReference; fileEncoding = 4; lastKnownFileType = sourcecode.c.h; path = OVR_HIDDevice.h; sourceTree = "<group>"; };
		64DE9A5318CE231000561BFE /* OVR_HIDDeviceBase.h */ = {isa = PBXFileReference; fileEncoding = 4; lastKnownFileType = sourcecode.c.h; path = OVR_HIDDeviceBase.h; sourceTree = "<group>"; };
		64DE9A5418CE231000561BFE /* OVR_HIDDeviceImpl.h */ = {isa = PBXFileReference; fileEncoding = 4; lastKnownFileType = sourcecode.c.h; path = OVR_HIDDeviceImpl.h; sourceTree = "<group>"; };
		64DE9A5518CE231000561BFE /* OVR_JSON.cpp */ = {isa = PBXFileReference; fileEncoding = 4; lastKnownFileType = sourcecode.cpp.cpp; path = OVR_JSON.cpp; sourceTree = "<group>"; };
		64DE9A5618CE231000561BFE /* OVR_JSON.h */ = {isa = PBXFileReference; fileEncoding = 4; lastKnownFileType = sourcecode.c.h; path = OVR_JSON.h; sourceTree = "<group>"; };
		64DE9A5718CE231000561BFE /* OVR_LatencyTestImpl.cpp */ = {isa = PBXFileReference; fileEncoding = 4; lastKnownFileType = sourcecode.cpp.cpp; path = OVR_LatencyTestImpl.cpp; sourceTree = "<group>"; };
		64DE9A5818CE231000561BFE /* OVR_LatencyTestImpl.h */ = {isa = PBXFileReference; fileEncoding = 4; lastKnownFileType = sourcecode.c.h; path = OVR_LatencyTestImpl.h; sourceTree = "<group>"; };
		64DE9A6018CE231000561BFE /* OVR_OSX_DeviceManager.cpp */ = {isa = PBXFileReference; fileEncoding = 4; lastKnownFileType = sourcecode.cpp.cpp; path = OVR_OSX_DeviceManager.cpp; sourceTree = "<group>"; };
		64DE9A6118CE231000561BFE /* OVR_OSX_DeviceManager.h */ = {isa = PBXFileReference; fileEncoding = 4; lastKnownFileType = sourcecode.c.h; path = OVR_OSX_DeviceManager.h; sourceTree = "<group>"; };
		64DE9A6218CE231000561BFE /* OVR_OSX_HIDDevice.cpp */ = {isa = PBXFileReference; fileEncoding = 4; lastKnownFileType = sourcecode.cpp.cpp; path = OVR_OSX_HIDDevice.cpp; sourceTree = "<group>"; };
		64DE9A6318CE231000561BFE /* OVR_OSX_HIDDevice.h */ = {isa = PBXFileReference; fileEncoding = 4; lastKnownFileType = sourcecode.c.h; path = OVR_OSX_HIDDevice.h; sourceTree = "<group>"; };
		64DE9A6418CE231000561BFE /* OVR_OSX_HMDDevice.cpp */ = {isa = PBXFileReference; fileEncoding = 4; lastKnownFileType = sourcecode.cpp.cpp; path = OVR_OSX_HMDDevice.cpp; sourceTree = "<group>"; };
		64DE9A6518CE231000561BFE /* OVR_OSX_HMDDevice.h */ = {isa = PBXFileReference; fileEncoding = 4; lastKnownFileType = sourcecode.c.h; path = OVR_OSX_HMDDevice.h; sourceTree = "<group>"; };
		64DE9A6618CE231000561BFE /* OVR_OSX_SensorDevice.cpp */ = {isa = PBXFileReference; fileEncoding = 4; lastKnownFileType = sourcecode.cpp.cpp; path = OVR_OSX_SensorDevice.cpp; sourceTree = "<group>"; };
		64DE9A6718CE231000561BFE /* OVR_Profile.cpp */ = {isa = PBXFileReference; fileEncoding = 4; lastKnownFileType = sourcecode.cpp.cpp; path = OVR_Profile.cpp; sourceTree = "<group>"; };
		64DE9A6818CE231000561BFE /* OVR_Profile.h */ = {isa = PBXFileReference; fileEncoding = 4; lastKnownFileType = sourcecode.c.h; path = OVR_Profile.h; sourceTree = "<group>"; };
		64DE9A6918CE231000561BFE /* OVR_SensorFilter.cpp */ = {isa = PBXFileReference; fileEncoding = 4; lastKnownFileType = sourcecode.cpp.cpp; path = OVR_SensorFilter.cpp; sourceTree = "<group>"; };
		64DE9A6A18CE231000561BFE /* OVR_SensorFilter.h */ = {isa = PBXFileReference; fileEncoding = 4; lastKnownFileType = sourcecode.c.h; path = OVR_SensorFilter.h; sourceTree = "<group>"; };
		64DE9A6B18CE231000561BFE /* OVR_SensorFusion.cpp */ = {isa = PBXFileReference; fileEncoding = 4; lastKnownFileType = sourcecode.cpp.cpp; path = OVR_SensorFusion.cpp; sourceTree = "<group>"; };
		64DE9A6C18CE231000561BFE /* OVR_SensorFusion.h */ = {isa = PBXFileReference; fileEncoding = 4; lastKnownFileType = sourcecode.c.h; path = OVR_SensorFusion.h; sourceTree = "<group>"; };
		64DE9A6D18CE231000561BFE /* OVR_SensorImpl.cpp */ = {isa = PBXFileReference; fileEncoding = 4; lastKnownFileType = sourcecode.cpp.cpp; path = OVR_SensorImpl.cpp; sourceTree = "<group>"; };
		64DE9A6E18CE231000561BFE /* OVR_SensorImpl.h */ = {isa = PBXFileReference; fileEncoding = 4; lastKnownFileType = sourcecode.c.h; path = OVR_SensorImpl.h; sourceTree = "<group>"; };
		64DE9A6F18CE231000561BFE /* OVR_ThreadCommandQueue.cpp */ = {isa = PBXFileReference; fileEncoding = 4; lastKnownFileType = sourcecode.cpp.cpp; path = OVR_ThreadCommandQueue.cpp; sourceTree = "<group>"; };
		64DE9A7018CE231000561BFE /* OVR_ThreadCommandQueue.h */ = {isa = PBXFileReference; fileEncoding = 4; lastKnownFileType = sourcecode.c.h; path = OVR_ThreadCommandQueue.h; sourceTree = "<group>"; };
		64DE9A7C18CE231000561BFE /* Util_LatencyTest.cpp */ = {isa = PBXFileReference; fileEncoding = 4; lastKnownFileType = sourcecode.cpp.cpp; path = Util_LatencyTest.cpp; sourceTree = "<group>"; };
		64DE9A7D18CE231000561BFE /* Util_LatencyTest.h */ = {isa = PBXFileReference; fileEncoding = 4; lastKnownFileType = sourcecode.c.h; path = Util_LatencyTest.h; sourceTree = "<group>"; };
		64DE9A7E18CE231000561BFE /* Util_Render_Stereo.cpp */ = {isa = PBXFileReference; fileEncoding = 4; lastKnownFileType = sourcecode.cpp.cpp; path = Util_Render_Stereo.cpp; sourceTree = "<group>"; };
		64DE9A7F18CE231000561BFE /* Util_Render_Stereo.h */ = {isa = PBXFileReference; fileEncoding = 4; lastKnownFileType = sourcecode.c.h; path = Util_Render_Stereo.h; sourceTree = "<group>"; };
		64DE9A8318CE231000561BFE /* ofxOculusRift.cpp */ = {isa = PBXFileReference; fileEncoding = 4; lastKnownFileType = sourcecode.cpp.cpp; path = ofxOculusRift.cpp; sourceTree = "<group>"; };
		64DE9A8418CE231000561BFE /* ofxOculusRift.h */ = {isa = PBXFileReference; fileEncoding = 4; lastKnownFileType = sourcecode.c.h; path = ofxOculusRift.h; sourceTree = "<group>"; };
		BBAB23BE13894E4700AA2426 /* GLUT.framework */ = {isa = PBXFileReference; lastKnownFileType = wrapper.framework; name = GLUT.framework; path = ../../../libs/glut/lib/osx/GLUT.framework; sourceTree = "<group>"; };
		E4328143138ABC890047C5CB /* openFrameworksLib.xcodeproj */ = {isa = PBXFileReference; lastKnownFileType = "wrapper.pb-project"; name = openFrameworksLib.xcodeproj; path = ../../../libs/openFrameworksCompiled/project/osx/openFrameworksLib.xcodeproj; sourceTree = SOURCE_ROOT; };
		E45BE9710E8CC7DD009D7055 /* AGL.framework */ = {isa = PBXFileReference; lastKnownFileType = wrapper.framework; name = AGL.framework; path = /System/Library/Frameworks/AGL.framework; sourceTree = "<absolute>"; };
		E45BE9720E8CC7DD009D7055 /* ApplicationServices.framework */ = {isa = PBXFileReference; lastKnownFileType = wrapper.framework; name = ApplicationServices.framework; path = /System/Library/Frameworks/ApplicationServices.framework; sourceTree = "<absolute>"; };
		E45BE9730E8CC7DD009D7055 /* AudioToolbox.framework */ = {isa = PBXFileReference; lastKnownFileType = wrapper.framework; name = AudioToolbox.framework; path = /System/Library/Frameworks/AudioToolbox.framework; sourceTree = "<absolute>"; };
		E45BE9740E8CC7DD009D7055 /* Carbon.framework */ = {isa = PBXFileReference; lastKnownFileType = wrapper.framework; name = Carbon.framework; path = /System/Library/Frameworks/Carbon.framework; sourceTree = "<absolute>"; };
		E45BE9750E8CC7DD009D7055 /* CoreAudio.framework */ = {isa = PBXFileReference; lastKnownFileType = wrapper.framework; name = CoreAudio.framework; path = /System/Library/Frameworks/CoreAudio.framework; sourceTree = "<absolute>"; };
		E45BE9760E8CC7DD009D7055 /* CoreFoundation.framework */ = {isa = PBXFileReference; lastKnownFileType = wrapper.framework; name = CoreFoundation.framework; path = /System/Library/Frameworks/CoreFoundation.framework; sourceTree = "<absolute>"; };
		E45BE9770E8CC7DD009D7055 /* CoreServices.framework */ = {isa = PBXFileReference; lastKnownFileType = wrapper.framework; name = CoreServices.framework; path = /System/Library/Frameworks/CoreServices.framework; sourceTree = "<absolute>"; };
		E45BE9790E8CC7DD009D7055 /* OpenGL.framework */ = {isa = PBXFileReference; lastKnownFileType = wrapper.framework; name = OpenGL.framework; path = /System/Library/Frameworks/OpenGL.framework; sourceTree = "<absolute>"; };
		E45BE97A0E8CC7DD009D7055 /* QuickTime.framework */ = {isa = PBXFileReference; lastKnownFileType = wrapper.framework; name = QuickTime.framework; path = /System/Library/Frameworks/QuickTime.framework; sourceTree = "<absolute>"; };
		E4B69B5B0A3A1756003C02F2 /* GogglesDebug.app */ = {isa = PBXFileReference; explicitFileType = wrapper.application; includeInIndex = 0; path = GogglesDebug.app; sourceTree = BUILT_PRODUCTS_DIR; };
		E4B69E1D0A3A1BDC003C02F2 /* main.cpp */ = {isa = PBXFileReference; fileEncoding = 30; lastKnownFileType = sourcecode.cpp.cpp; name = main.cpp; path = src/main.cpp; sourceTree = SOURCE_ROOT; };
		E4B69E1E0A3A1BDC003C02F2 /* testApp.cpp */ = {isa = PBXFileReference; explicitFileType = sourcecode.cpp.cpp; fileEncoding = 30; name = testApp.cpp; path = src/testApp.cpp; sourceTree = SOURCE_ROOT; };
		E4B69E1F0A3A1BDC003C02F2 /* testApp.h */ = {isa = PBXFileReference; fileEncoding = 30; lastKnownFileType = sourcecode.c.h; name = testApp.h; path = src/testApp.h; sourceTree = SOURCE_ROOT; };
		E4B6FCAD0C3E899E008CF71C /* openFrameworks-Info.plist */ = {isa = PBXFileReference; fileEncoding = 30; lastKnownFileType = text.plist.xml; path = "openFrameworks-Info.plist"; sourceTree = "<group>"; };
		E4C2424410CC5A17004149E2 /* AppKit.framework */ = {isa = PBXFileReference; lastKnownFileType = wrapper.framework; name = AppKit.framework; path = /System/Library/Frameworks/AppKit.framework; sourceTree = "<absolute>"; };
		E4C2424510CC5A17004149E2 /* Cocoa.framework */ = {isa = PBXFileReference; lastKnownFileType = wrapper.framework; name = Cocoa.framework; path = /System/Library/Frameworks/Cocoa.framework; sourceTree = "<absolute>"; };
		E4C2424610CC5A17004149E2 /* IOKit.framework */ = {isa = PBXFileReference; lastKnownFileType = wrapper.framework; name = IOKit.framework; path = /System/Library/Frameworks/IOKit.framework; sourceTree = "<absolute>"; };
		E4EB691F138AFCF100A09F29 /* CoreOF.xcconfig */ = {isa = PBXFileReference; fileEncoding = 4; lastKnownFileType = text.xcconfig; name = CoreOF.xcconfig; path = ../../../libs/openFrameworksCompiled/project/osx/CoreOF.xcconfig; sourceTree = SOURCE_ROOT; };
		E4EB6923138AFD0F00A09F29 /* Project.xcconfig */ = {isa = PBXFileReference; fileEncoding = 4; lastKnownFileType = text.xcconfig; path = Project.xcconfig; sourceTree = "<group>"; };
		E7E077E415D3B63C0020DFD4 /* CoreVideo.framework */ = {isa = PBXFileReference; lastKnownFileType = wrapper.framework; name = CoreVideo.framework; path = /System/Library/Frameworks/CoreVideo.framework; sourceTree = "<absolute>"; };
		E7E077E715D3B6510020DFD4 /* QTKit.framework */ = {isa = PBXFileReference; lastKnownFileType = wrapper.framework; name = QTKit.framework; path = /System/Library/Frameworks/QTKit.framework; sourceTree = "<absolute>"; };
		E7F985F515E0DE99003869B5 /* Accelerate.framework */ = {isa = PBXFileReference; lastKnownFileType = wrapper.framework; name = Accelerate.framework; path = /System/Library/Frameworks/Accelerate.framework; sourceTree = "<absolute>"; };
/* End PBXFileReference section */

/* Begin PBXFrameworksBuildPhase section */
		E4B69B590A3A1756003C02F2 /* Frameworks */ = {
			isa = PBXFrameworksBuildPhase;
			buildActionMask = 2147483647;
			files = (
				E7F985F815E0DEA3003869B5 /* Accelerate.framework in Frameworks */,
				E7E077E815D3B6510020DFD4 /* QTKit.framework in Frameworks */,
				E4EB6799138ADC1D00A09F29 /* GLUT.framework in Frameworks */,
				E4328149138ABC9F0047C5CB /* openFrameworksDebug.a in Frameworks */,
				E45BE97B0E8CC7DD009D7055 /* AGL.framework in Frameworks */,
				E45BE97C0E8CC7DD009D7055 /* ApplicationServices.framework in Frameworks */,
				E45BE97D0E8CC7DD009D7055 /* AudioToolbox.framework in Frameworks */,
				E45BE97E0E8CC7DD009D7055 /* Carbon.framework in Frameworks */,
				E45BE97F0E8CC7DD009D7055 /* CoreAudio.framework in Frameworks */,
				E45BE9800E8CC7DD009D7055 /* CoreFoundation.framework in Frameworks */,
				E45BE9810E8CC7DD009D7055 /* CoreServices.framework in Frameworks */,
				E45BE9830E8CC7DD009D7055 /* OpenGL.framework in Frameworks */,
				64DE9A8A18CE231000561BFE /* libovr.a in Frameworks */,
				E45BE9840E8CC7DD009D7055 /* QuickTime.framework in Frameworks */,
				E4C2424710CC5A17004149E2 /* AppKit.framework in Frameworks */,
				E4C2424810CC5A17004149E2 /* Cocoa.framework in Frameworks */,
				E4C2424910CC5A17004149E2 /* IOKit.framework in Frameworks */,
				E7E077E515D3B63C0020DFD4 /* CoreVideo.framework in Frameworks */,
				64DE9A8918CE231000561BFE /* libovr.a in Frameworks */,
			);
			runOnlyForDeploymentPostprocessing = 0;
		};
/* End PBXFrameworksBuildPhase section */

/* Begin PBXGroup section */
		6459181518CD38C000BCF01A /* ofxUI */ = {
			isa = PBXGroup;
			children = (
				64591A2A18CD38C700BCF01A /* src */,
			);
			name = ofxUI;
			path = ../../../addons/ofxUI;
			sourceTree = "<group>";
		};
		64591A2A18CD38C700BCF01A /* src */ = {
			isa = PBXGroup;
			children = (
				64591A2B18CD38C700BCF01A /* ofxUI.h */,
				64591A2C18CD38C700BCF01A /* ofxUI2DGraph.cpp */,
				64591A2D18CD38C700BCF01A /* ofxUI2DGraph.h */,
				64591A2E18CD38C700BCF01A /* ofxUI2DPad.cpp */,
				64591A2F18CD38C700BCF01A /* ofxUI2DPad.h */,
				64591A3018CD38C700BCF01A /* ofxUIBaseDraws.cpp */,
				64591A3118CD38C700BCF01A /* ofxUIBaseDraws.h */,
				64591A3218CD38C700BCF01A /* ofxUIBiLabelSlider.cpp */,
				64591A3318CD38C700BCF01A /* ofxUIBiLabelSlider.h */,
				64591A3418CD38C700BCF01A /* ofxUIButton.cpp */,
				64591A3518CD38C700BCF01A /* ofxUIButton.h */,
				64591A3618CD38C700BCF01A /* ofxUICanvas.cpp */,
				64591A3718CD38C700BCF01A /* ofxUICanvas.h */,
				64591A3818CD38C700BCF01A /* ofxUICircleSlider.cpp */,
				64591A3918CD38C700BCF01A /* ofxUICircleSlider.h */,
				64591A3A18CD38C700BCF01A /* ofxUIDefines.h */,
				64591A3B18CD38C700BCF01A /* ofxUIDragableLabelButton.cpp */,
				64591A3C18CD38C700BCF01A /* ofxUIDragableLabelButton.h */,
				64591A3D18CD38C700BCF01A /* ofxUIDropDownList.cpp */,
				64591A3E18CD38C700BCF01A /* ofxUIDropDownList.h */,
				64591A3F18CD38C700BCF01A /* ofxUIEventArgs.cpp */,
				64591A4018CD38C700BCF01A /* ofxUIEventArgs.h */,
				64591A4118CD38C700BCF01A /* ofxUIFPS.cpp */,
				64591A4218CD38C700BCF01A /* ofxUIFPS.h */,
				64591A4318CD38C700BCF01A /* ofxUIFPSSlider.cpp */,
				64591A4418CD38C700BCF01A /* ofxUIFPSSlider.h */,
				64591A4518CD38C700BCF01A /* ofxUIImage.cpp */,
				64591A4618CD38C700BCF01A /* ofxUIImage.h */,
				64591A4718CD38C700BCF01A /* ofxUIImageButton.cpp */,
				64591A4818CD38C700BCF01A /* ofxUIImageButton.h */,
				64591A4918CD38C700BCF01A /* ofxUIImageSampler.cpp */,
				64591A4A18CD38C700BCF01A /* ofxUIImageSampler.h */,
				64591A4B18CD38C700BCF01A /* ofxUIImageSlider.cpp */,
				64591A4C18CD38C700BCF01A /* ofxUIImageSlider.h */,
				64591A4D18CD38C700BCF01A /* ofxUIImageToggle.cpp */,
				64591A4E18CD38C700BCF01A /* ofxUIImageToggle.h */,
				64591A4F18CD38C700BCF01A /* ofxUILabel.cpp */,
				64591A5018CD38C700BCF01A /* ofxUILabel.h */,
				64591A5118CD38C700BCF01A /* ofxUILabelButton.cpp */,
				64591A5218CD38C700BCF01A /* ofxUILabelButton.h */,
				64591A5318CD38C700BCF01A /* ofxUILabelToggle.cpp */,
				64591A5418CD38C700BCF01A /* ofxUILabelToggle.h */,
				64591A5518CD38C700BCF01A /* ofxUIMinimalSlider.cpp */,
				64591A5618CD38C700BCF01A /* ofxUIMinimalSlider.h */,
				64591A5718CD38C700BCF01A /* ofxUIMovingGraph.cpp */,
				64591A5818CD38C700BCF01A /* ofxUIMovingGraph.h */,
				64591A5918CD38C700BCF01A /* ofxUIMultiImageButton.cpp */,
				64591A5A18CD38C700BCF01A /* ofxUIMultiImageButton.h */,
				64591A5B18CD38C700BCF01A /* ofxUIMultiImageToggle.cpp */,
				64591A5C18CD38C700BCF01A /* ofxUIMultiImageToggle.h */,
				64591A5D18CD38C700BCF01A /* ofxUINumberDialer.cpp */,
				64591A5E18CD38C700BCF01A /* ofxUINumberDialer.h */,
				64591A5F18CD38C700BCF01A /* ofxUIOFWrapper.h */,
				64591A6018CD38C700BCF01A /* ofxUIRadio.cpp */,
				64591A6118CD38C700BCF01A /* ofxUIRadio.h */,
				64591A6218CD38C700BCF01A /* ofxUIRangeSlider.cpp */,
				64591A6318CD38C700BCF01A /* ofxUIRangeSlider.h */,
				64591A6418CD38C700BCF01A /* ofxUIRectangle.cpp */,
				64591A6518CD38C700BCF01A /* ofxUIRectangle.h */,
				64591A6618CD38C700BCF01A /* ofxUIRotarySlider.cpp */,
				64591A6718CD38C700BCF01A /* ofxUIRotarySlider.h */,
				64591A6818CD38C700BCF01A /* ofxUIScrollableCanvas.cpp */,
				64591A6918CD38C700BCF01A /* ofxUIScrollableCanvas.h */,
				64591A6A18CD38C700BCF01A /* ofxUISlider.cpp */,
				64591A6B18CD38C700BCF01A /* ofxUISlider.h */,
				64591A6C18CD38C700BCF01A /* ofxUISortableList.cpp */,
				64591A6D18CD38C700BCF01A /* ofxUISortableList.h */,
				64591A6E18CD38C700BCF01A /* ofxUISpacer.cpp */,
				64591A6F18CD38C700BCF01A /* ofxUISpacer.h */,
				64591A7018CD38C700BCF01A /* ofxUISpectrum.cpp */,
				64591A7118CD38C700BCF01A /* ofxUISpectrum.h */,
				64591A7218CD38C700BCF01A /* ofxUISuperCanvas.cpp */,
				64591A7318CD38C700BCF01A /* ofxUISuperCanvas.h */,
				64591A7418CD38C700BCF01A /* ofxUITabBar.cpp */,
				64591A7518CD38C700BCF01A /* ofxUITabBar.h */,
				64591A7618CD38C700BCF01A /* ofxUITextArea.cpp */,
				64591A7718CD38C700BCF01A /* ofxUITextArea.h */,
				64591A7818CD38C700BCF01A /* ofxUITextInput.cpp */,
				64591A7918CD38C700BCF01A /* ofxUITextInput.h */,
				64591A7A18CD38C700BCF01A /* ofxUIToggle.cpp */,
				64591A7B18CD38C700BCF01A /* ofxUIToggle.h */,
				64591A7C18CD38C700BCF01A /* ofxUIToggleMatrix.cpp */,
				64591A7D18CD38C700BCF01A /* ofxUIToggleMatrix.h */,
				64591A7E18CD38C700BCF01A /* ofxUIUtils.h */,
				64591A7F18CD38C700BCF01A /* ofxUIValuePlotter.cpp */,
				64591A8018CD38C700BCF01A /* ofxUIValuePlotter.h */,
				64591A8118CD38C700BCF01A /* ofxUIWaveform.cpp */,
				64591A8218CD38C700BCF01A /* ofxUIWaveform.h */,
				64591A8318CD38C700BCF01A /* ofxUIWidget.cpp */,
				64591A8418CD38C700BCF01A /* ofxUIWidget.h */,
				64591A8518CD38C700BCF01A /* ofxUIWidgets.h */,
				64591A8618CD38C700BCF01A /* ofxUIWidgetWithLabel.cpp */,
				64591A8718CD38C700BCF01A /* ofxUIWidgetWithLabel.h */,
				64591A8818CD38C700BCF01A /* ofxUIWrapper.h */,
			);
			path = src;
			sourceTree = "<group>";
		};
		64591B1B18CD3A4100BCF01A /* ofxXmlSettings */ = {
			isa = PBXGroup;
			children = (
				64591B1C18CD3A4100BCF01A /* libs */,
				64591B2118CD3A4100BCF01A /* src */,
			);
			name = ofxXmlSettings;
			path = ../../../addons/ofxXmlSettings;
			sourceTree = "<group>";
		};
		64591B1C18CD3A4100BCF01A /* libs */ = {
			isa = PBXGroup;
			children = (
				64591B1D18CD3A4100BCF01A /* tinyxml.cpp */,
				64591B1E18CD3A4100BCF01A /* tinyxml.h */,
				64591B1F18CD3A4100BCF01A /* tinyxmlerror.cpp */,
				64591B2018CD3A4100BCF01A /* tinyxmlparser.cpp */,
			);
			path = libs;
			sourceTree = "<group>";
		};
		64591B2118CD3A4100BCF01A /* src */ = {
			isa = PBXGroup;
			children = (
				64591B2218CD3A4100BCF01A /* ofxXmlSettings.cpp */,
				64591B2318CD3A4100BCF01A /* ofxXmlSettings.h */,
			);
			path = src;
			sourceTree = "<group>";
		};
		64DE99E318CE231000561BFE /* ofxOculusRift */ = {
			isa = PBXGroup;
			children = (
				64DE9A0C18CE231000561BFE /* libs */,
				64DE9A8218CE231000561BFE /* src */,
			);
			name = ofxOculusRift;
			path = ../../../addons/ofxOculusRift;
			sourceTree = "<group>";
		};
		64DE9A0C18CE231000561BFE /* libs */ = {
			isa = PBXGroup;
			children = (
				64DE9A0D18CE231000561BFE /* 3rdParty */,
				64DE9A1118CE231000561BFE /* LibOVR */,
			);
			path = libs;
			sourceTree = "<group>";
		};
		64DE9A0D18CE231000561BFE /* 3rdParty */ = {
			isa = PBXGroup;
			children = (
				64DE9A0E18CE231000561BFE /* TinyXml */,
			);
			path = 3rdParty;
			sourceTree = "<group>";
		};
		64DE9A0E18CE231000561BFE /* TinyXml */ = {
			isa = PBXGroup;
			children = (
				64DE9A0F18CE231000561BFE /* tinyxml2.cpp */,
				64DE9A1018CE231000561BFE /* tinyxml2.h */,
			);
			path = TinyXml;
			sourceTree = "<group>";
		};
		64DE9A1118CE231000561BFE /* LibOVR */ = {
			isa = PBXGroup;
			children = (
				64DE9A1218CE231000561BFE /* Include */,
				64DE9A1518CE231000561BFE /* Lib */,
				64DE9A2118CE231000561BFE /* Src */,
			);
			path = LibOVR;
			sourceTree = "<group>";
		};
		64DE9A1218CE231000561BFE /* Include */ = {
			isa = PBXGroup;
			children = (
				64DE9A1318CE231000561BFE /* OVR.h */,
				64DE9A1418CE231000561BFE /* OVRVersion.h */,
			);
			path = Include;
			sourceTree = "<group>";
		};
		64DE9A1518CE231000561BFE /* Lib */ = {
			isa = PBXGroup;
			children = (
				64DE9A1618CE231000561BFE /* MacOS */,
			);
			path = Lib;
			sourceTree = "<group>";
		};
		64DE9A1618CE231000561BFE /* MacOS */ = {
			isa = PBXGroup;
			children = (
				64DE9A1718CE231000561BFE /* Debug */,
				64DE9A1918CE231000561BFE /* Release */,
			);
			path = MacOS;
			sourceTree = "<group>";
		};
		64DE9A1718CE231000561BFE /* Debug */ = {
			isa = PBXGroup;
			children = (
				64DE9A1818CE231000561BFE /* libovr.a */,
			);
			path = Debug;
			sourceTree = "<group>";
		};
		64DE9A1918CE231000561BFE /* Release */ = {
			isa = PBXGroup;
			children = (
				64DE9A1A18CE231000561BFE /* libovr.a */,
			);
			path = Release;
			sourceTree = "<group>";
		};
		64DE9A2118CE231000561BFE /* Src */ = {
			isa = PBXGroup;
			children = (
				64DE9A2218CE231000561BFE /* Kernel */,
				64DE9A4B18CE231000561BFE /* OVR_Device.h */,
				64DE9A4C18CE231000561BFE /* OVR_DeviceConstants.h */,
				64DE9A4D18CE231000561BFE /* OVR_DeviceHandle.cpp */,
				64DE9A4E18CE231000561BFE /* OVR_DeviceHandle.h */,
				64DE9A4F18CE231000561BFE /* OVR_DeviceImpl.cpp */,
				64DE9A5018CE231000561BFE /* OVR_DeviceImpl.h */,
				64DE9A5118CE231000561BFE /* OVR_DeviceMessages.h */,
				64DE9A5218CE231000561BFE /* OVR_HIDDevice.h */,
				64DE9A5318CE231000561BFE /* OVR_HIDDeviceBase.h */,
				64DE9A5418CE231000561BFE /* OVR_HIDDeviceImpl.h */,
				64DE9A5518CE231000561BFE /* OVR_JSON.cpp */,
				64DE9A5618CE231000561BFE /* OVR_JSON.h */,
				64DE9A5718CE231000561BFE /* OVR_LatencyTestImpl.cpp */,
				64DE9A5818CE231000561BFE /* OVR_LatencyTestImpl.h */,
				64DE9A6018CE231000561BFE /* OVR_OSX_DeviceManager.cpp */,
				64DE9A6118CE231000561BFE /* OVR_OSX_DeviceManager.h */,
				64DE9A6218CE231000561BFE /* OVR_OSX_HIDDevice.cpp */,
				64DE9A6318CE231000561BFE /* OVR_OSX_HIDDevice.h */,
				64DE9A6418CE231000561BFE /* OVR_OSX_HMDDevice.cpp */,
				64DE9A6518CE231000561BFE /* OVR_OSX_HMDDevice.h */,
				64DE9A6618CE231000561BFE /* OVR_OSX_SensorDevice.cpp */,
				64DE9A6718CE231000561BFE /* OVR_Profile.cpp */,
				64DE9A6818CE231000561BFE /* OVR_Profile.h */,
				64DE9A6918CE231000561BFE /* OVR_SensorFilter.cpp */,
				64DE9A6A18CE231000561BFE /* OVR_SensorFilter.h */,
				64DE9A6B18CE231000561BFE /* OVR_SensorFusion.cpp */,
				64DE9A6C18CE231000561BFE /* OVR_SensorFusion.h */,
				64DE9A6D18CE231000561BFE /* OVR_SensorImpl.cpp */,
				64DE9A6E18CE231000561BFE /* OVR_SensorImpl.h */,
				64DE9A6F18CE231000561BFE /* OVR_ThreadCommandQueue.cpp */,
				64DE9A7018CE231000561BFE /* OVR_ThreadCommandQueue.h */,
				64DE9A7B18CE231000561BFE /* Util */,
			);
			path = Src;
			sourceTree = "<group>";
		};
		64DE9A2218CE231000561BFE /* Kernel */ = {
			isa = PBXGroup;
			children = (
				64DE9A2318CE231000561BFE /* OVR_Alg.cpp */,
				64DE9A2418CE231000561BFE /* OVR_Alg.h */,
				64DE9A2518CE231000561BFE /* OVR_Allocator.cpp */,
				64DE9A2618CE231000561BFE /* OVR_Allocator.h */,
				64DE9A2718CE231000561BFE /* OVR_Array.h */,
				64DE9A2818CE231000561BFE /* OVR_Atomic.cpp */,
				64DE9A2918CE231000561BFE /* OVR_Atomic.h */,
				64DE9A2A18CE231000561BFE /* OVR_Color.h */,
				64DE9A2B18CE231000561BFE /* OVR_ContainerAllocator.h */,
				64DE9A2C18CE231000561BFE /* OVR_File.cpp */,
				64DE9A2D18CE231000561BFE /* OVR_File.h */,
				64DE9A2E18CE231000561BFE /* OVR_FileFILE.cpp */,
				64DE9A2F18CE231000561BFE /* OVR_Hash.h */,
				64DE9A3018CE231000561BFE /* OVR_KeyCodes.h */,
				64DE9A3118CE231000561BFE /* OVR_List.h */,
				64DE9A3218CE231000561BFE /* OVR_Log.cpp */,
				64DE9A3318CE231000561BFE /* OVR_Log.h */,
				64DE9A3418CE231000561BFE /* OVR_Math.cpp */,
				64DE9A3518CE231000561BFE /* OVR_Math.h */,
				64DE9A3618CE231000561BFE /* OVR_RefCount.cpp */,
				64DE9A3718CE231000561BFE /* OVR_RefCount.h */,
				64DE9A3818CE231000561BFE /* OVR_Std.cpp */,
				64DE9A3918CE231000561BFE /* OVR_Std.h */,
				64DE9A3A18CE231000561BFE /* OVR_String.cpp */,
				64DE9A3B18CE231000561BFE /* OVR_String.h */,
				64DE9A3C18CE231000561BFE /* OVR_String_FormatUtil.cpp */,
				64DE9A3D18CE231000561BFE /* OVR_String_PathUtil.cpp */,
				64DE9A3E18CE231000561BFE /* OVR_StringHash.h */,
				64DE9A3F18CE231000561BFE /* OVR_SysFile.cpp */,
				64DE9A4018CE231000561BFE /* OVR_SysFile.h */,
				64DE9A4118CE231000561BFE /* OVR_System.cpp */,
				64DE9A4218CE231000561BFE /* OVR_System.h */,
				64DE9A4318CE231000561BFE /* OVR_Threads.h */,
				64DE9A4418CE231000561BFE /* OVR_ThreadsPthread.cpp */,
				64DE9A4618CE231000561BFE /* OVR_Timer.cpp */,
				64DE9A4718CE231000561BFE /* OVR_Timer.h */,
				64DE9A4818CE231000561BFE /* OVR_Types.h */,
				64DE9A4918CE231000561BFE /* OVR_UTF8Util.cpp */,
				64DE9A4A18CE231000561BFE /* OVR_UTF8Util.h */,
			);
			path = Kernel;
			sourceTree = "<group>";
		};
		64DE9A7B18CE231000561BFE /* Util */ = {
			isa = PBXGroup;
			children = (
				64DE9A7C18CE231000561BFE /* Util_LatencyTest.cpp */,
				64DE9A7D18CE231000561BFE /* Util_LatencyTest.h */,
				64DE9A7E18CE231000561BFE /* Util_Render_Stereo.cpp */,
				64DE9A7F18CE231000561BFE /* Util_Render_Stereo.h */,
			);
			path = Util;
			sourceTree = "<group>";
		};
		64DE9A8218CE231000561BFE /* src */ = {
			isa = PBXGroup;
			children = (
				64DE9A8318CE231000561BFE /* ofxOculusRift.cpp */,
				64DE9A8418CE231000561BFE /* ofxOculusRift.h */,
			);
			path = src;
			sourceTree = "<group>";
		};
		BB4B014C10F69532006C3DED /* addons */ = {
			isa = PBXGroup;
			children = (
				64DE99E318CE231000561BFE /* ofxOculusRift */,
				6459181518CD38C000BCF01A /* ofxUI */,
				64591B1B18CD3A4100BCF01A /* ofxXmlSettings */,
			);
			name = addons;
			sourceTree = "<group>";
		};
		BBAB23C913894ECA00AA2426 /* system frameworks */ = {
			isa = PBXGroup;
			children = (
				E7F985F515E0DE99003869B5 /* Accelerate.framework */,
				E4C2424410CC5A17004149E2 /* AppKit.framework */,
				E4C2424510CC5A17004149E2 /* Cocoa.framework */,
				E4C2424610CC5A17004149E2 /* IOKit.framework */,
				E45BE9710E8CC7DD009D7055 /* AGL.framework */,
				E45BE9720E8CC7DD009D7055 /* ApplicationServices.framework */,
				E45BE9730E8CC7DD009D7055 /* AudioToolbox.framework */,
				E45BE9740E8CC7DD009D7055 /* Carbon.framework */,
				E45BE9750E8CC7DD009D7055 /* CoreAudio.framework */,
				E45BE9760E8CC7DD009D7055 /* CoreFoundation.framework */,
				E45BE9770E8CC7DD009D7055 /* CoreServices.framework */,
				E45BE9790E8CC7DD009D7055 /* OpenGL.framework */,
				E45BE97A0E8CC7DD009D7055 /* QuickTime.framework */,
				E7E077E415D3B63C0020DFD4 /* CoreVideo.framework */,
				E7E077E715D3B6510020DFD4 /* QTKit.framework */,
			);
			name = "system frameworks";
			sourceTree = "<group>";
		};
		BBAB23CA13894EDB00AA2426 /* 3rd party frameworks */ = {
			isa = PBXGroup;
			children = (
				BBAB23BE13894E4700AA2426 /* GLUT.framework */,
			);
			name = "3rd party frameworks";
			sourceTree = "<group>";
		};
		E4328144138ABC890047C5CB /* Products */ = {
			isa = PBXGroup;
			children = (
				E4328148138ABC890047C5CB /* openFrameworksDebug.a */,
			);
			name = Products;
			sourceTree = "<group>";
		};
		E45BE5980E8CC70C009D7055 /* frameworks */ = {
			isa = PBXGroup;
			children = (
				BBAB23CA13894EDB00AA2426 /* 3rd party frameworks */,
				BBAB23C913894ECA00AA2426 /* system frameworks */,
			);
			name = frameworks;
			sourceTree = "<group>";
		};
		E4B69B4A0A3A1720003C02F2 = {
			isa = PBXGroup;
			children = (
				E4B6FCAD0C3E899E008CF71C /* openFrameworks-Info.plist */,
				E4EB6923138AFD0F00A09F29 /* Project.xcconfig */,
				E4B69E1C0A3A1BDC003C02F2 /* src */,
				E4EEC9E9138DF44700A80321 /* openFrameworks */,
				BB4B014C10F69532006C3DED /* addons */,
				E45BE5980E8CC70C009D7055 /* frameworks */,
				E4B69B5B0A3A1756003C02F2 /* GogglesDebug.app */,
			);
			sourceTree = "<group>";
		};
		E4B69E1C0A3A1BDC003C02F2 /* src */ = {
			isa = PBXGroup;
			children = (
				E4B69E1D0A3A1BDC003C02F2 /* main.cpp */,
				E4B69E1E0A3A1BDC003C02F2 /* testApp.cpp */,
				E4B69E1F0A3A1BDC003C02F2 /* testApp.h */,
				64591B2818CD3C8A00BCF01A /* Eye.cpp */,
				64591B2918CD3C8A00BCF01A /* Eye.h */,
			);
			path = src;
			sourceTree = SOURCE_ROOT;
		};
		E4EEC9E9138DF44700A80321 /* openFrameworks */ = {
			isa = PBXGroup;
			children = (
				E4EB691F138AFCF100A09F29 /* CoreOF.xcconfig */,
				E4328143138ABC890047C5CB /* openFrameworksLib.xcodeproj */,
			);
			name = openFrameworks;
			sourceTree = "<group>";
		};
/* End PBXGroup section */

/* Begin PBXNativeTarget section */
		E4B69B5A0A3A1756003C02F2 /* Goggles */ = {
			isa = PBXNativeTarget;
			buildConfigurationList = E4B69B5F0A3A1757003C02F2 /* Build configuration list for PBXNativeTarget "Goggles" */;
			buildPhases = (
				E4B69B580A3A1756003C02F2 /* Sources */,
				E4B69B590A3A1756003C02F2 /* Frameworks */,
				E4B6FFFD0C3F9AB9008CF71C /* ShellScript */,
				E4C2427710CC5ABF004149E2 /* CopyFiles */,
			);
			buildRules = (
			);
			dependencies = (
				E4EEB9AC138B136A00A80321 /* PBXTargetDependency */,
			);
			name = Goggles;
			productName = myOFApp;
			productReference = E4B69B5B0A3A1756003C02F2 /* GogglesDebug.app */;
			productType = "com.apple.product-type.application";
		};
/* End PBXNativeTarget section */

/* Begin PBXProject section */
		E4B69B4C0A3A1720003C02F2 /* Project object */ = {
			isa = PBXProject;
			attributes = {
				LastUpgradeCheck = 0460;
			};
			buildConfigurationList = E4B69B4D0A3A1720003C02F2 /* Build configuration list for PBXProject "Goggles" */;
			compatibilityVersion = "Xcode 3.2";
			developmentRegion = English;
			hasScannedForEncodings = 0;
			knownRegions = (
				English,
				Japanese,
				French,
				German,
			);
			mainGroup = E4B69B4A0A3A1720003C02F2;
			productRefGroup = E4B69B4A0A3A1720003C02F2;
			projectDirPath = "";
			projectReferences = (
				{
					ProductGroup = E4328144138ABC890047C5CB /* Products */;
					ProjectRef = E4328143138ABC890047C5CB /* openFrameworksLib.xcodeproj */;
				},
			);
			projectRoot = "";
			targets = (
				E4B69B5A0A3A1756003C02F2 /* Goggles */,
			);
		};
/* End PBXProject section */

/* Begin PBXReferenceProxy section */
		E4328148138ABC890047C5CB /* openFrameworksDebug.a */ = {
			isa = PBXReferenceProxy;
			fileType = archive.ar;
			path = openFrameworksDebug.a;
			remoteRef = E4328147138ABC890047C5CB /* PBXContainerItemProxy */;
			sourceTree = BUILT_PRODUCTS_DIR;
		};
/* End PBXReferenceProxy section */

/* Begin PBXShellScriptBuildPhase section */
		E4B6FFFD0C3F9AB9008CF71C /* ShellScript */ = {
			isa = PBXShellScriptBuildPhase;
			buildActionMask = 2147483647;
			files = (
			);
			inputPaths = (
			);
			outputPaths = (
			);
			runOnlyForDeploymentPostprocessing = 0;
			shellPath = /bin/sh;
			shellScript = "cp -f ../../../libs/fmodex/lib/osx/libfmodex.dylib \"$TARGET_BUILD_DIR/$PRODUCT_NAME.app/Contents/MacOS/libfmodex.dylib\"; install_name_tool -change ./libfmodex.dylib @executable_path/libfmodex.dylib \"$TARGET_BUILD_DIR/$PRODUCT_NAME.app/Contents/MacOS/$PRODUCT_NAME\";\nmkdir -p \"$TARGET_BUILD_DIR/$PRODUCT_NAME.app/Contents/Resources/\"\ncp -f \"$ICON_FILE\" \"$TARGET_BUILD_DIR/$PRODUCT_NAME.app/Contents/Resources/\"\n";
		};
/* End PBXShellScriptBuildPhase section */

/* Begin PBXSourcesBuildPhase section */
		E4B69B580A3A1756003C02F2 /* Sources */ = {
			isa = PBXSourcesBuildPhase;
			buildActionMask = 2147483647;
			files = (
				64591B2518CD3A4100BCF01A /* tinyxmlerror.cpp in Sources */,
				64591ABE18CD38C700BCF01A /* ofxUIBaseDraws.cpp in Sources */,
				64591AD518CD38C700BCF01A /* ofxUIRadio.cpp in Sources */,
				64591ACA18CD38C700BCF01A /* ofxUIImageSampler.cpp in Sources */,
				64591ABD18CD38C700BCF01A /* ofxUI2DPad.cpp in Sources */,
				64DE9A9B18CE231100561BFE /* OVR_SysFile.cpp in Sources */,
				64591AD718CD38C700BCF01A /* ofxUIRectangle.cpp in Sources */,
				64591AE218CD38C700BCF01A /* ofxUIToggle.cpp in Sources */,
				64DE9AB018CE231100561BFE /* OVR_SensorImpl.cpp in Sources */,
				64DE9AA318CE231100561BFE /* OVR_JSON.cpp in Sources */,
				64DE9AA418CE231100561BFE /* OVR_LatencyTestImpl.cpp in Sources */,
				64DE9A9318CE231100561BFE /* OVR_FileFILE.cpp in Sources */,
				64591AC418CD38C700BCF01A /* ofxUIDropDownList.cpp in Sources */,
				64591AE618CD38C700BCF01A /* ofxUIWidget.cpp in Sources */,
				64591AC718CD38C700BCF01A /* ofxUIFPSSlider.cpp in Sources */,
				64591AD118CD38C700BCF01A /* ofxUIMovingGraph.cpp in Sources */,
				64591ABF18CD38C700BCF01A /* ofxUIBiLabelSlider.cpp in Sources */,
				64591ADD18CD38C700BCF01A /* ofxUISpectrum.cpp in Sources */,
				64DE9A9118CE231100561BFE /* OVR_Atomic.cpp in Sources */,
				64DE9A8818CE231000561BFE /* tinyxml2.cpp in Sources */,
				64591AE418CD38C700BCF01A /* ofxUIValuePlotter.cpp in Sources */,
				64DE9A9618CE231100561BFE /* OVR_RefCount.cpp in Sources */,
				64DE9A9F18CE231100561BFE /* OVR_Timer.cpp in Sources */,
				64DE9AAD18CE231100561BFE /* OVR_Profile.cpp in Sources */,
				64DE9AA018CE231100561BFE /* OVR_UTF8Util.cpp in Sources */,
				64DE9AA218CE231100561BFE /* OVR_DeviceImpl.cpp in Sources */,
				64591AC618CD38C700BCF01A /* ofxUIFPS.cpp in Sources */,
				64591AE718CD38C700BCF01A /* ofxUIWidgetWithLabel.cpp in Sources */,
				64591ABC18CD38C700BCF01A /* ofxUI2DGraph.cpp in Sources */,
				64591AD318CD38C700BCF01A /* ofxUIMultiImageToggle.cpp in Sources */,
				64591B2A18CD3C8A00BCF01A /* Eye.cpp in Sources */,
				64591ADF18CD38C700BCF01A /* ofxUITabBar.cpp in Sources */,
				64DE9AA918CE231100561BFE /* OVR_OSX_DeviceManager.cpp in Sources */,
				64591AC818CD38C700BCF01A /* ofxUIImage.cpp in Sources */,
				64591AD818CD38C700BCF01A /* ofxUIRotarySlider.cpp in Sources */,
				64591AC218CD38C700BCF01A /* ofxUICircleSlider.cpp in Sources */,
				64DE9AB818CE231100561BFE /* Util_Render_Stereo.cpp in Sources */,
				64591ACF18CD38C700BCF01A /* ofxUILabelToggle.cpp in Sources */,
				64DE9A9518CE231100561BFE /* OVR_Math.cpp in Sources */,
				64591ACE18CD38C700BCF01A /* ofxUILabelButton.cpp in Sources */,
				64591AD018CD38C700BCF01A /* ofxUIMinimalSlider.cpp in Sources */,
				64DE9AA118CE231100561BFE /* OVR_DeviceHandle.cpp in Sources */,
				64DE9A9018CE231100561BFE /* OVR_Allocator.cpp in Sources */,
				64DE9AB918CE231100561BFE /* ofxOculusRift.cpp in Sources */,
				E4B69E200A3A1BDC003C02F2 /* main.cpp in Sources */,
				64DE9A9918CE231100561BFE /* OVR_String_FormatUtil.cpp in Sources */,
				64591ADB18CD38C700BCF01A /* ofxUISortableList.cpp in Sources */,
				64591AD418CD38C700BCF01A /* ofxUINumberDialer.cpp in Sources */,
				64591B2718CD3A4100BCF01A /* ofxXmlSettings.cpp in Sources */,
				64DE9A9C18CE231100561BFE /* OVR_System.cpp in Sources */,
				64591AC018CD38C700BCF01A /* ofxUIButton.cpp in Sources */,
				64591AC518CD38C700BCF01A /* ofxUIEventArgs.cpp in Sources */,
				64DE9A9418CE231100561BFE /* OVR_Log.cpp in Sources */,
				64591AD618CD38C700BCF01A /* ofxUIRangeSlider.cpp in Sources */,
				64591B2618CD3A4100BCF01A /* tinyxmlparser.cpp in Sources */,
				64DE9AAE18CE231100561BFE /* OVR_SensorFilter.cpp in Sources */,
				64591ADE18CD38C700BCF01A /* ofxUISuperCanvas.cpp in Sources */,
				64DE9A9D18CE231100561BFE /* OVR_ThreadsPthread.cpp in Sources */,
				64591AD918CD38C700BCF01A /* ofxUIScrollableCanvas.cpp in Sources */,
				64591AE118CD38C700BCF01A /* ofxUITextInput.cpp in Sources */,
				64DE9A9818CE231100561BFE /* OVR_String.cpp in Sources */,
				64591AE318CD38C700BCF01A /* ofxUIToggleMatrix.cpp in Sources */,
				64591AC918CD38C700BCF01A /* ofxUIImageButton.cpp in Sources */,
				64DE9A9218CE231100561BFE /* OVR_File.cpp in Sources */,
				64591AE018CD38C700BCF01A /* ofxUITextArea.cpp in Sources */,
				64591ACC18CD38C700BCF01A /* ofxUIImageToggle.cpp in Sources */,
				64591AC318CD38C700BCF01A /* ofxUIDragableLabelButton.cpp in Sources */,
				64DE9AB118CE231100561BFE /* OVR_ThreadCommandQueue.cpp in Sources */,
				64DE9A8F18CE231100561BFE /* OVR_Alg.cpp in Sources */,
				64591ADC18CD38C700BCF01A /* ofxUISpacer.cpp in Sources */,
				64591ACB18CD38C700BCF01A /* ofxUIImageSlider.cpp in Sources */,
				64DE9AAA18CE231100561BFE /* OVR_OSX_HIDDevice.cpp in Sources */,
				64DE9AB718CE231100561BFE /* Util_LatencyTest.cpp in Sources */,
				64591ACD18CD38C700BCF01A /* ofxUILabel.cpp in Sources */,
				64591AC118CD38C700BCF01A /* ofxUICanvas.cpp in Sources */,
				64591AD218CD38C700BCF01A /* ofxUIMultiImageButton.cpp in Sources */,
				E4B69E210A3A1BDC003C02F2 /* testApp.cpp in Sources */,
				64DE9AAB18CE231100561BFE /* OVR_OSX_HMDDevice.cpp in Sources */,
				64DE9AAF18CE231100561BFE /* OVR_SensorFusion.cpp in Sources */,
				64DE9A9A18CE231100561BFE /* OVR_String_PathUtil.cpp in Sources */,
				64591ADA18CD38C700BCF01A /* ofxUISlider.cpp in Sources */,
				64DE9A9718CE231100561BFE /* OVR_Std.cpp in Sources */,
				64591B2418CD3A4100BCF01A /* tinyxml.cpp in Sources */,
				64591AE518CD38C700BCF01A /* ofxUIWaveform.cpp in Sources */,
				64DE9AAC18CE231100561BFE /* OVR_OSX_SensorDevice.cpp in Sources */,
			);
			runOnlyForDeploymentPostprocessing = 0;
		};
/* End PBXSourcesBuildPhase section */

/* Begin PBXTargetDependency section */
		E4EEB9AC138B136A00A80321 /* PBXTargetDependency */ = {
			isa = PBXTargetDependency;
			name = openFrameworks;
			targetProxy = E4EEB9AB138B136A00A80321 /* PBXContainerItemProxy */;
		};
/* End PBXTargetDependency section */

/* Begin XCBuildConfiguration section */
		E4B69B4E0A3A1720003C02F2 /* Debug */ = {
			isa = XCBuildConfiguration;
			baseConfigurationReference = E4EB6923138AFD0F00A09F29 /* Project.xcconfig */;
			buildSettings = {
				ARCHS = "$(NATIVE_ARCH)";
				CONFIGURATION_BUILD_DIR = "$(SRCROOT)/bin/";
				COPY_PHASE_STRIP = NO;
				DEAD_CODE_STRIPPING = YES;
				GCC_AUTO_VECTORIZATION = YES;
				GCC_ENABLE_SSE3_EXTENSIONS = YES;
				GCC_ENABLE_SUPPLEMENTAL_SSE3_INSTRUCTIONS = YES;
				GCC_INLINES_ARE_PRIVATE_EXTERN = NO;
				GCC_OPTIMIZATION_LEVEL = 0;
				GCC_SYMBOLS_PRIVATE_EXTERN = NO;
				GCC_WARN_ABOUT_DEPRECATED_FUNCTIONS = YES;
				GCC_WARN_ABOUT_INVALID_OFFSETOF_MACRO = NO;
				GCC_WARN_ALLOW_INCOMPLETE_PROTOCOL = NO;
				GCC_WARN_UNINITIALIZED_AUTOS = NO;
				GCC_WARN_UNUSED_VALUE = NO;
				GCC_WARN_UNUSED_VARIABLE = NO;
				MACOSX_DEPLOYMENT_TARGET = 10.6;
				OTHER_CPLUSPLUSFLAGS = (
					"-D__MACOSX_CORE__",
					"-lpthread",
					"-mtune=native",
				);
				SDKROOT = macosx;
			};
			name = Debug;
		};
		E4B69B4F0A3A1720003C02F2 /* Release */ = {
			isa = XCBuildConfiguration;
			baseConfigurationReference = E4EB6923138AFD0F00A09F29 /* Project.xcconfig */;
			buildSettings = {
				ARCHS = "$(NATIVE_ARCH)";
				CONFIGURATION_BUILD_DIR = "$(SRCROOT)/bin/";
				COPY_PHASE_STRIP = YES;
				DEAD_CODE_STRIPPING = YES;
				GCC_AUTO_VECTORIZATION = YES;
				GCC_ENABLE_SSE3_EXTENSIONS = YES;
				GCC_ENABLE_SUPPLEMENTAL_SSE3_INSTRUCTIONS = YES;
				GCC_INLINES_ARE_PRIVATE_EXTERN = NO;
				GCC_OPTIMIZATION_LEVEL = 3;
				GCC_SYMBOLS_PRIVATE_EXTERN = NO;
				GCC_UNROLL_LOOPS = YES;
				GCC_WARN_ABOUT_DEPRECATED_FUNCTIONS = YES;
				GCC_WARN_ABOUT_INVALID_OFFSETOF_MACRO = NO;
				GCC_WARN_ALLOW_INCOMPLETE_PROTOCOL = NO;
				GCC_WARN_UNINITIALIZED_AUTOS = NO;
				GCC_WARN_UNUSED_VALUE = NO;
				GCC_WARN_UNUSED_VARIABLE = NO;
				MACOSX_DEPLOYMENT_TARGET = 10.6;
				OTHER_CPLUSPLUSFLAGS = (
					"-D__MACOSX_CORE__",
					"-lpthread",
					"-mtune=native",
				);
				SDKROOT = macosx;
			};
			name = Release;
		};
		E4B69B600A3A1757003C02F2 /* Debug */ = {
			isa = XCBuildConfiguration;
			buildSettings = {
				COMBINE_HIDPI_IMAGES = YES;
				COPY_PHASE_STRIP = NO;
				FRAMEWORK_SEARCH_PATHS = (
					"$(inherited)",
					"$(FRAMEWORK_SEARCH_PATHS_QUOTED_FOR_TARGET_1)",
				);
				FRAMEWORK_SEARCH_PATHS_QUOTED_FOR_TARGET_1 = "\"$(SRCROOT)/../../../libs/glut/lib/osx\"";
				GCC_DYNAMIC_NO_PIC = NO;
				GCC_GENERATE_DEBUGGING_SYMBOLS = YES;
				GCC_MODEL_TUNING = NONE;
				ICON = "$(ICON_NAME_DEBUG)";
				ICON_FILE = "$(ICON_FILE_PATH)$(ICON)";
				INFOPLIST_FILE = "openFrameworks-Info.plist";
				INSTALL_PATH = "$(HOME)/Applications";
				LIBRARY_SEARCH_PATHS = (
					"$(inherited)",
					"$(LIBRARY_SEARCH_PATHS_QUOTED_FOR_TARGET_1)",
					"$(LIBRARY_SEARCH_PATHS_QUOTED_FOR_TARGET_2)",
					"$(LIBRARY_SEARCH_PATHS_QUOTED_FOR_TARGET_3)",
					"$(LIBRARY_SEARCH_PATHS_QUOTED_FOR_TARGET_4)",
					"$(LIBRARY_SEARCH_PATHS_QUOTED_FOR_TARGET_5)",
					"$(LIBRARY_SEARCH_PATHS_QUOTED_FOR_TARGET_6)",
					"$(LIBRARY_SEARCH_PATHS_QUOTED_FOR_TARGET_7)",
					"$(LIBRARY_SEARCH_PATHS_QUOTED_FOR_TARGET_8)",
					"$(LIBRARY_SEARCH_PATHS_QUOTED_FOR_TARGET_9)",
					"$(LIBRARY_SEARCH_PATHS_QUOTED_FOR_TARGET_10)",
					"$(LIBRARY_SEARCH_PATHS_QUOTED_FOR_TARGET_11)",
					"$(LIBRARY_SEARCH_PATHS_QUOTED_FOR_TARGET_12)",
					"$(LIBRARY_SEARCH_PATHS_QUOTED_FOR_TARGET_13)",
					"$(LIBRARY_SEARCH_PATHS_QUOTED_FOR_TARGET_14)",
					"$(LIBRARY_SEARCH_PATHS_QUOTED_FOR_TARGET_15)",
					"$(LIBRARY_SEARCH_PATHS_QUOTED_FOR_TARGET_2)",
					"$(LIBRARY_SEARCH_PATHS_QUOTED_FOR_TARGET_3)",
					"$(LIBRARY_SEARCH_PATHS_QUOTED_FOR_TARGET_7)",
					"$(LIBRARY_SEARCH_PATHS_QUOTED_FOR_TARGET_8)",
					"$(LIBRARY_SEARCH_PATHS_QUOTED_FOR_TARGET_9)",
					"$(LIBRARY_SEARCH_PATHS_QUOTED_FOR_TARGET_10)",
					"$(LIBRARY_SEARCH_PATHS_QUOTED_FOR_TARGET_11)",
					"$(LIBRARY_SEARCH_PATHS_QUOTED_FOR_TARGET_12)",
					"$(LIBRARY_SEARCH_PATHS_QUOTED_FOR_TARGET_13)",
					"$(LIBRARY_SEARCH_PATHS_QUOTED_FOR_TARGET_16)",
					"$(LIBRARY_SEARCH_PATHS_QUOTED_FOR_TARGET_17)",
					"$(LIBRARY_SEARCH_PATHS_QUOTED_FOR_TARGET_18)",
					"$(LIBRARY_SEARCH_PATHS_QUOTED_FOR_TARGET_19)",
					"$(LIBRARY_SEARCH_PATHS_QUOTED_FOR_TARGET_20)",
					"$(LIBRARY_SEARCH_PATHS_QUOTED_FOR_TARGET_21)",
					"$(LIBRARY_SEARCH_PATHS_QUOTED_FOR_TARGET_22)",
					"$(LIBRARY_SEARCH_PATHS_QUOTED_FOR_TARGET_23)",
					"$(LIBRARY_SEARCH_PATHS_QUOTED_FOR_TARGET_24)",
					"$(LIBRARY_SEARCH_PATHS_QUOTED_FOR_TARGET_25)",
					"$(LIBRARY_SEARCH_PATHS_QUOTED_FOR_TARGET_26)",
					"$(LIBRARY_SEARCH_PATHS_QUOTED_FOR_TARGET_27)",
					"$(LIBRARY_SEARCH_PATHS_QUOTED_FOR_TARGET_28)",
					"$(LIBRARY_SEARCH_PATHS_QUOTED_FOR_TARGET_29)",
					"$(LIBRARY_SEARCH_PATHS_QUOTED_FOR_TARGET_30)",
					"$(LIBRARY_SEARCH_PATHS_QUOTED_FOR_TARGET_31)",
					"$(LIBRARY_SEARCH_PATHS_QUOTED_FOR_TARGET_32)",
					"$(LIBRARY_SEARCH_PATHS_QUOTED_FOR_TARGET_33)",
					"$(LIBRARY_SEARCH_PATHS_QUOTED_FOR_TARGET_34)",
					"$(LIBRARY_SEARCH_PATHS_QUOTED_FOR_TARGET_35)",
					"$(LIBRARY_SEARCH_PATHS_QUOTED_FOR_TARGET_36)",
					"$(LIBRARY_SEARCH_PATHS_QUOTED_FOR_TARGET_37)",
					"$(LIBRARY_SEARCH_PATHS_QUOTED_FOR_TARGET_38)",
					"$(LIBRARY_SEARCH_PATHS_QUOTED_FOR_TARGET_39)",
					"$(LIBRARY_SEARCH_PATHS_QUOTED_FOR_TARGET_40)",
					"$(LIBRARY_SEARCH_PATHS_QUOTED_FOR_TARGET_41)",
					"$(LIBRARY_SEARCH_PATHS_QUOTED_FOR_TARGET_42)",
					"$(LIBRARY_SEARCH_PATHS_QUOTED_FOR_TARGET_43)",
					"$(LIBRARY_SEARCH_PATHS_QUOTED_FOR_TARGET_44)",
					"$(LIBRARY_SEARCH_PATHS_QUOTED_FOR_TARGET_45)",
					"$(LIBRARY_SEARCH_PATHS_QUOTED_FOR_TARGET_46)",
					"$(LIBRARY_SEARCH_PATHS_QUOTED_FOR_TARGET_47)",
					"$(LIBRARY_SEARCH_PATHS_QUOTED_FOR_TARGET_48)",
					"$(LIBRARY_SEARCH_PATHS_QUOTED_FOR_TARGET_49)",
					"$(LIBRARY_SEARCH_PATHS_QUOTED_FOR_TARGET_50)",
					"$(LIBRARY_SEARCH_PATHS_QUOTED_FOR_TARGET_51)",
					"$(LIBRARY_SEARCH_PATHS_QUOTED_FOR_TARGET_52)",
					/Users/elias/Development/openFrameworks/addons/ofxOculusRift/libs/LibOVR/Lib/MacOS/Debug,
					/Users/elias/Development/openFrameworks/addons/ofxOculusRift/libs/LibOVR/Lib/MacOS/Release,
					/Users/elias/Development/openFrameworks/addons/ofxOculusRift/libs/LibOVR/Lib/Win32,
					/Users/elias/Development/openFrameworks/addons/ofxOculusRift/libs/LibOVR/Lib/x64,
				);
				PRODUCT_NAME = "$(TARGET_NAME)Debug";
				SDKROOT = macosx10.8;
				WRAPPER_EXTENSION = app;
			};
			name = Debug;
		};
		E4B69B610A3A1757003C02F2 /* Release */ = {
			isa = XCBuildConfiguration;
			buildSettings = {
				COMBINE_HIDPI_IMAGES = YES;
				COPY_PHASE_STRIP = YES;
				FRAMEWORK_SEARCH_PATHS = (
					"$(inherited)",
					"$(FRAMEWORK_SEARCH_PATHS_QUOTED_FOR_TARGET_1)",
				);
				FRAMEWORK_SEARCH_PATHS_QUOTED_FOR_TARGET_1 = "\"$(SRCROOT)/../../../libs/glut/lib/osx\"";
				GCC_GENERATE_DEBUGGING_SYMBOLS = YES;
				GCC_MODEL_TUNING = NONE;
				ICON = "$(ICON_NAME_RELEASE)";
				ICON_FILE = "$(ICON_FILE_PATH)$(ICON)";
				INFOPLIST_FILE = "openFrameworks-Info.plist";
				INSTALL_PATH = "$(HOME)/Applications";
				LIBRARY_SEARCH_PATHS = (
					"$(inherited)",
					"$(LIBRARY_SEARCH_PATHS_QUOTED_FOR_TARGET_1)",
					"$(LIBRARY_SEARCH_PATHS_QUOTED_FOR_TARGET_2)",
					"$(LIBRARY_SEARCH_PATHS_QUOTED_FOR_TARGET_3)",
					"$(LIBRARY_SEARCH_PATHS_QUOTED_FOR_TARGET_4)",
					"$(LIBRARY_SEARCH_PATHS_QUOTED_FOR_TARGET_5)",
					"$(LIBRARY_SEARCH_PATHS_QUOTED_FOR_TARGET_6)",
					"$(LIBRARY_SEARCH_PATHS_QUOTED_FOR_TARGET_7)",
					"$(LIBRARY_SEARCH_PATHS_QUOTED_FOR_TARGET_8)",
					"$(LIBRARY_SEARCH_PATHS_QUOTED_FOR_TARGET_9)",
					"$(LIBRARY_SEARCH_PATHS_QUOTED_FOR_TARGET_10)",
					"$(LIBRARY_SEARCH_PATHS_QUOTED_FOR_TARGET_11)",
					"$(LIBRARY_SEARCH_PATHS_QUOTED_FOR_TARGET_12)",
					"$(LIBRARY_SEARCH_PATHS_QUOTED_FOR_TARGET_13)",
					"$(LIBRARY_SEARCH_PATHS_QUOTED_FOR_TARGET_14)",
					"$(LIBRARY_SEARCH_PATHS_QUOTED_FOR_TARGET_15)",
					"$(LIBRARY_SEARCH_PATHS_QUOTED_FOR_TARGET_2)",
					"$(LIBRARY_SEARCH_PATHS_QUOTED_1)",
					"$(LIBRARY_SEARCH_PATHS_QUOTED_FOR_TARGET_3)",
					"$(LIBRARY_SEARCH_PATHS_QUOTED_FOR_TARGET_7)",
					"$(LIBRARY_SEARCH_PATHS_QUOTED_FOR_TARGET_8)",
					"$(LIBRARY_SEARCH_PATHS_QUOTED_FOR_TARGET_9)",
					"$(LIBRARY_SEARCH_PATHS_QUOTED_FOR_TARGET_10)",
					"$(LIBRARY_SEARCH_PATHS_QUOTED_FOR_TARGET_11)",
					"$(LIBRARY_SEARCH_PATHS_QUOTED_FOR_TARGET_12)",
					"$(LIBRARY_SEARCH_PATHS_QUOTED_FOR_TARGET_13)",
					"$(LIBRARY_SEARCH_PATHS_QUOTED_FOR_TARGET_16)",
					"$(LIBRARY_SEARCH_PATHS_QUOTED_FOR_TARGET_17)",
					"$(LIBRARY_SEARCH_PATHS_QUOTED_FOR_TARGET_18)",
					"$(LIBRARY_SEARCH_PATHS_QUOTED_FOR_TARGET_19)",
					"$(LIBRARY_SEARCH_PATHS_QUOTED_FOR_TARGET_20)",
					"$(LIBRARY_SEARCH_PATHS_QUOTED_FOR_TARGET_21)",
					"$(LIBRARY_SEARCH_PATHS_QUOTED_FOR_TARGET_22)",
					"$(LIBRARY_SEARCH_PATHS_QUOTED_FOR_TARGET_23)",
					"$(LIBRARY_SEARCH_PATHS_QUOTED_FOR_TARGET_24)",
					"$(LIBRARY_SEARCH_PATHS_QUOTED_FOR_TARGET_25)",
					"$(LIBRARY_SEARCH_PATHS_QUOTED_FOR_TARGET_26)",
					"$(LIBRARY_SEARCH_PATHS_QUOTED_FOR_TARGET_27)",
					"$(LIBRARY_SEARCH_PATHS_QUOTED_FOR_TARGET_28)",
					"$(LIBRARY_SEARCH_PATHS_QUOTED_FOR_TARGET_29)",
					"$(LIBRARY_SEARCH_PATHS_QUOTED_FOR_TARGET_30)",
					"$(LIBRARY_SEARCH_PATHS_QUOTED_FOR_TARGET_31)",
					"$(LIBRARY_SEARCH_PATHS_QUOTED_FOR_TARGET_32)",
					"$(LIBRARY_SEARCH_PATHS_QUOTED_FOR_TARGET_33)",
					"$(LIBRARY_SEARCH_PATHS_QUOTED_FOR_TARGET_34)",
					"$(LIBRARY_SEARCH_PATHS_QUOTED_FOR_TARGET_35)",
					"$(LIBRARY_SEARCH_PATHS_QUOTED_FOR_TARGET_36)",
					"$(LIBRARY_SEARCH_PATHS_QUOTED_FOR_TARGET_37)",
					"$(LIBRARY_SEARCH_PATHS_QUOTED_FOR_TARGET_38)",
					"$(LIBRARY_SEARCH_PATHS_QUOTED_FOR_TARGET_39)",
					"$(LIBRARY_SEARCH_PATHS_QUOTED_FOR_TARGET_40)",
					"$(LIBRARY_SEARCH_PATHS_QUOTED_FOR_TARGET_41)",
					"$(LIBRARY_SEARCH_PATHS_QUOTED_FOR_TARGET_42)",
					"$(LIBRARY_SEARCH_PATHS_QUOTED_FOR_TARGET_43)",
					"$(LIBRARY_SEARCH_PATHS_QUOTED_FOR_TARGET_44)",
					"$(LIBRARY_SEARCH_PATHS_QUOTED_FOR_TARGET_45)",
					"$(LIBRARY_SEARCH_PATHS_QUOTED_FOR_TARGET_46)",
					"$(LIBRARY_SEARCH_PATHS_QUOTED_FOR_TARGET_47)",
					"$(LIBRARY_SEARCH_PATHS_QUOTED_FOR_TARGET_48)",
					"$(LIBRARY_SEARCH_PATHS_QUOTED_FOR_TARGET_49)",
					"$(LIBRARY_SEARCH_PATHS_QUOTED_FOR_TARGET_50)",
					"$(LIBRARY_SEARCH_PATHS_QUOTED_FOR_TARGET_51)",
					/Users/elias/Development/openFrameworks/addons/ofxOculusRift/libs/LibOVR/Lib/MacOS/Debug,
					/Users/elias/Development/openFrameworks/addons/ofxOculusRift/libs/LibOVR/Lib/MacOS/Release,
					/Users/elias/Development/openFrameworks/addons/ofxOculusRift/libs/LibOVR/Lib/Win32,
					/Users/elias/Development/openFrameworks/addons/ofxOculusRift/libs/LibOVR/Lib/x64,
				);
				PRODUCT_NAME = "$(TARGET_NAME)";
				SDKROOT = macosx10.8;
				WRAPPER_EXTENSION = app;
			};
			name = Release;
		};
/* End XCBuildConfiguration section */

/* Begin XCConfigurationList section */
		E4B69B4D0A3A1720003C02F2 /* Build configuration list for PBXProject "Goggles" */ = {
			isa = XCConfigurationList;
			buildConfigurations = (
				E4B69B4E0A3A1720003C02F2 /* Debug */,
				E4B69B4F0A3A1720003C02F2 /* Release */,
			);
			defaultConfigurationIsVisible = 0;
			defaultConfigurationName = Release;
		};
		E4B69B5F0A3A1757003C02F2 /* Build configuration list for PBXNativeTarget "Goggles" */ = {
			isa = XCConfigurationList;
			buildConfigurations = (
				E4B69B600A3A1757003C02F2 /* Debug */,
				E4B69B610A3A1757003C02F2 /* Release */,
			);
			defaultConfigurationIsVisible = 0;
			defaultConfigurationName = Release;
		};
/* End XCConfigurationList section */
	};
	rootObject = E4B69B4C0A3A1720003C02F2 /* Project object */;
}
